
Microsoft Visual Studio Solution File, Format Version 12.00
# Visual Studio Version 17
VisualStudioVersion = 17.0.32112.339
MinimumVisualStudioVersion = 10.0.40219.1
Project("{9A19103F-16F7-4668-BE54-9A1E7A4F7556}") = "EnumBitFlags", "EnumBitFlags\EnumBitFlags.csproj", "{629786A6-72F9-4747-A928-ECAA4F41614B}"
EndProject
Project("{9A19103F-16F7-4668-BE54-9A1E7A4F7556}") = "SammyJs_Test", "SammyJs_Test\SammyJs_Test.csproj", "{72104E2B-C7AE-49EB-A62A-A67EB7E01C38}"
EndProject
Project("{9A19103F-16F7-4668-BE54-9A1E7A4F7556}") = "JsTree_Test", "JsTree_Test\JsTree_Test.csproj", "{EB00B35D-F90E-4ECB-9F21-35E755385A4A}"
EndProject
Project("{9A19103F-16F7-4668-BE54-9A1E7A4F7556}") = "i18next_Test", "i18next_Test\i18next_Test.csproj", "{07E33192-8CCF-4D8D-8FC3-1E58AD5B1E11}"
EndProject
Project("{9A19103F-16F7-4668-BE54-9A1E7A4F7556}") = "Localize_WinFormsLocalizeAuto", "Localize_WinFormsLocalizeAuto\Localize_WinFormsLocalizeAuto.csproj", "{68D127E8-5898-4012-89D9-10B3F343C5D4}"
EndProject
Project("{9A19103F-16F7-4668-BE54-9A1E7A4F7556}") = "Localize_Resource", "Localize_Resource\Localize_Resource.csproj", "{2D36F733-6BE0-442F-847C-B7D6A8450963}"
EndProject
Project("{9A19103F-16F7-4668-BE54-9A1E7A4F7556}") = "Localize_WinFormsResourceShift", "Localize_WinFormsResourceShift\Localize_WinFormsResourceShift.csproj", "{AC6E3937-13B8-48BB-AB60-7CDED4148F12}"
EndProject
Project("{9A19103F-16F7-4668-BE54-9A1E7A4F7556}") = "SelfHost", "SelfHost\SelfHost.csproj", "{9FF210CA-DA69-4543-9E8A-996BEE0BC7D7}"
EndProject
Project("{9A19103F-16F7-4668-BE54-9A1E7A4F7556}") = "TreeDepth", "TreeDepth\TreeDepth.csproj", "{C5A42C53-5261-4A8F-B915-9B799857569B}"
EndProject
Project("{9A19103F-16F7-4668-BE54-9A1E7A4F7556}") = "JsImportExport", "JsImportExport\JsImportExport.csproj", "{85E6F190-03A0-4D38-8123-821A3ABB9316}"
EndProject
Project("{9A19103F-16F7-4668-BE54-9A1E7A4F7556}") = "JsFetchApiTest", "JsFetchApiTest\JsFetchApiTest.csproj", "{8338B364-D13A-4743-94CD-6552ED1AFEDD}"
EndProject
Project("{9A19103F-16F7-4668-BE54-9A1E7A4F7556}") = "JsAjaxAssistTest", "JsAjaxAssistTest\JsAjaxAssistTest.csproj", "{35BDADE2-44A0-4D84-BF1E-88DE420739F2}"
EndProject
Project("{9A19103F-16F7-4668-BE54-9A1E7A4F7556}") = "EntityFrameworkSafeUpdate", "EntityFrameworkSafeUpdate\EntityFrameworkSafeUpdate.csproj", "{D761FCBB-2BB4-4F8E-8503-1E2992D1D185}"
EndProject
Project("{FAE04EC0-301F-11D3-BF4B-00C04F79EFBC}") = "ClassToJson", "ClassToJson\ClassToJson.csproj", "{448665FD-AD15-4DCE-8D02-83C74AF9BE13}"
EndProject
Project("{9A19103F-16F7-4668-BE54-9A1E7A4F7556}") = "WpfInvokeTest", "WpfInvokeTest\WpfInvokeTest.csproj", "{EDDE518D-F130-4D33-93BA-EB8683D3A4B9}"
EndProject
Project("{2150E333-8FDC-42A3-9474-1A3956D46DE8}") = "ReleaseDllTest", "ReleaseDllTest", "{0C4FA38A-B2AC-4A69-84EF-4500205883F8}"
EndProject
Project("{9A19103F-16F7-4668-BE54-9A1E7A4F7556}") = "ReleaseTestDll", "ReleaseTestDll\ReleaseTestDll.csproj", "{657A6D63-09FD-4E90-9BCD-EB9A090D7F15}"
EndProject
Project("{9A19103F-16F7-4668-BE54-9A1E7A4F7556}") = "ReleaseDllTest_ProjectReference", "ReleaseDllTest_ProjectReference\ReleaseDllTest_ProjectReference.csproj", "{62C7568B-250B-42D0-8177-06EC3DE368F2}"
EndProject
Project("{9A19103F-16F7-4668-BE54-9A1E7A4F7556}") = "ReleaseDllTest_DllReference", "ReleaseDllTest_DllReference\ReleaseDllTest_DllReference.csproj", "{A459E3EF-BE5D-468C-9E98-B6F08E9042F6}"
EndProject
Project("{9A19103F-16F7-4668-BE54-9A1E7A4F7556}") = "ReleaseDllTest_DllInsideReference", "ReleaseDllTest_DllInsideReference\ReleaseDllTest_DllInsideReference.csproj", "{0AB09416-0605-4AA0-895D-E1009EC8CCC2}"
EndProject
Project("{9A19103F-16F7-4668-BE54-9A1E7A4F7556}") = "JsVueTest", "JsVueTest\JsVueTest.csproj", "{9D8B0D19-4DB9-4883-A4A0-B18132B3E562}"
EndProject
Project("{9A19103F-16F7-4668-BE54-9A1E7A4F7556}") = "GameLoopTest", "GameLoopTest\GameLoopTest.csproj", "{6563D92E-30D8-4A4B-8625-A4FE0397884B}"
EndProject
Project("{9A19103F-16F7-4668-BE54-9A1E7A4F7556}") = "SoundPlayerTest", "SoundPlayerTest\SoundPlayerTest.csproj", "{27AA007B-5D33-4D28-A787-F9E535DC6FC8}"
EndProject
Project("{2150E333-8FDC-42A3-9474-1A3956D46DE8}") = "StopwatchTimer", "StopwatchTimer", "{22A0D0AA-FA0B-4838-911D-875F0B2AF7AB}"
EndProject
Project("{FAE04EC0-301F-11D3-BF4B-00C04F79EFBC}") = "StopwatchTimer", "StopwatchTimer\StopwatchTimer.csproj", "{494004E5-8715-413D-825C-B723283F4E45}"
EndProject
Project("{9A19103F-16F7-4668-BE54-9A1E7A4F7556}") = "StopwatchTimerTest", "StopwatchTimerTest\StopwatchTimerTest.csproj", "{297C014A-0BDE-47E5-9859-3168C71079F3}"
EndProject
Project("{9A19103F-16F7-4668-BE54-9A1E7A4F7556}") = "ConsoleModeSettingTest", "ConsoleModeSettingTest\ConsoleModeSettingTest.csproj", "{F544CF2B-FF05-42F6-ADFE-9BF0F73C3C08}"
EndProject
Project("{9A19103F-16F7-4668-BE54-9A1E7A4F7556}") = "ReactTest", "ReactTest\ReactTest.csproj", "{046C58B4-D3BE-4882-B56C-9BBBDBA4052B}"
EndProject
Project("{9A19103F-16F7-4668-BE54-9A1E7A4F7556}") = "ToVsCodeTest", "ToVsCodeTest\ToVsCodeTest.csproj", "{549DFF7A-B979-44D2-A57F-FE9ECD8CBD72}"
EndProject
Project("{9A19103F-16F7-4668-BE54-9A1E7A4F7556}") = "ThrowTest", "ThrowTest\ThrowTest.csproj", "{C719456B-395F-4DE5-A03F-37D93C624E86}"
EndProject
Project("{9A19103F-16F7-4668-BE54-9A1E7A4F7556}") = "SpaProxyToNodeTest", "SpaProxyToNodeTest\SpaProxyToNodeTest.csproj", "{3F80CC15-9AA3-4635-ADBE-8A9E8A1A47D8}"
EndProject
Project("{9A19103F-16F7-4668-BE54-9A1E7A4F7556}") = "ExitTest", "ExitTest\ExitTest.csproj", "{E8271A8A-500E-495D-A667-BC93404E07ED}"
EndProject
Project("{9A19103F-16F7-4668-BE54-9A1E7A4F7556}") = "VersionTest", "VersionTest\VersionTest.csproj", "{7761A17D-F932-4F48-8F18-67813EDBE7CB}"
EndProject
Project("{9A19103F-16F7-4668-BE54-9A1E7A4F7556}") = "EfMultipleContext", "EfMultipleContext\EfMultipleContext.csproj", "{AEF890D9-4287-44B4-B65E-F4E0CD273901}"
EndProject
Project("{2150E333-8FDC-42A3-9474-1A3956D46DE8}") = "EntityFramework", "EntityFramework", "{8F163184-2A51-414E-B73D-8AC2ADCB40E2}"
EndProject
Project("{9A19103F-16F7-4668-BE54-9A1E7A4F7556}") = "EfMultipleContext2", "EfMultipleContext2\EfMultipleContext2.csproj", "{73321565-B0B0-4E52-860A-D074F309C9D4}"
EndProject
Project("{9A19103F-16F7-4668-BE54-9A1E7A4F7556}") = "EfMultiMigrations", "EfMultiMigrations\EfMultiMigrations.csproj", "{72D76732-766E-4732-B4DB-DB4FD0AE22CB}"
EndProject
Project("{9A19103F-16F7-4668-BE54-9A1E7A4F7556}") = "EfMultiMigrations_Asp", "EfMultiMigrations_Asp\EfMultiMigrations_Asp.csproj", "{AE05E897-5402-45EF-B767-306151E212CF}"
EndProject
Project("{FAE04EC0-301F-11D3-BF4B-00C04F79EFBC}") = "EfList", "EfList\EfList.csproj", "{622A1C38-1AA9-41C3-83B9-7C0406352503}"
EndProject
Global
	GlobalSection(SolutionConfigurationPlatforms) = preSolution
		Debug_Sqlite|Any CPU = Debug_Sqlite|Any CPU
		Debug|Any CPU = Debug|Any CPU
		Release|Any CPU = Release|Any CPU
	EndGlobalSection
	GlobalSection(ProjectConfigurationPlatforms) = postSolution
		{629786A6-72F9-4747-A928-ECAA4F41614B}.Debug_Sqlite|Any CPU.ActiveCfg = Debug_Sqlite|Any CPU
		{629786A6-72F9-4747-A928-ECAA4F41614B}.Debug_Sqlite|Any CPU.Build.0 = Debug_Sqlite|Any CPU
		{629786A6-72F9-4747-A928-ECAA4F41614B}.Debug|Any CPU.ActiveCfg = Debug|Any CPU
		{629786A6-72F9-4747-A928-ECAA4F41614B}.Debug|Any CPU.Build.0 = Debug|Any CPU
		{629786A6-72F9-4747-A928-ECAA4F41614B}.Release|Any CPU.ActiveCfg = Release|Any CPU
		{629786A6-72F9-4747-A928-ECAA4F41614B}.Release|Any CPU.Build.0 = Release|Any CPU
		{72104E2B-C7AE-49EB-A62A-A67EB7E01C38}.Debug_Sqlite|Any CPU.ActiveCfg = Debug_Sqlite|Any CPU
		{72104E2B-C7AE-49EB-A62A-A67EB7E01C38}.Debug_Sqlite|Any CPU.Build.0 = Debug_Sqlite|Any CPU
		{72104E2B-C7AE-49EB-A62A-A67EB7E01C38}.Debug|Any CPU.ActiveCfg = Debug|Any CPU
		{72104E2B-C7AE-49EB-A62A-A67EB7E01C38}.Debug|Any CPU.Build.0 = Debug|Any CPU
		{72104E2B-C7AE-49EB-A62A-A67EB7E01C38}.Release|Any CPU.ActiveCfg = Release|Any CPU
		{72104E2B-C7AE-49EB-A62A-A67EB7E01C38}.Release|Any CPU.Build.0 = Release|Any CPU
		{EB00B35D-F90E-4ECB-9F21-35E755385A4A}.Debug_Sqlite|Any CPU.ActiveCfg = Debug_Sqlite|Any CPU
		{EB00B35D-F90E-4ECB-9F21-35E755385A4A}.Debug_Sqlite|Any CPU.Build.0 = Debug_Sqlite|Any CPU
		{EB00B35D-F90E-4ECB-9F21-35E755385A4A}.Debug|Any CPU.ActiveCfg = Debug|Any CPU
		{EB00B35D-F90E-4ECB-9F21-35E755385A4A}.Debug|Any CPU.Build.0 = Debug|Any CPU
		{EB00B35D-F90E-4ECB-9F21-35E755385A4A}.Release|Any CPU.ActiveCfg = Release|Any CPU
		{EB00B35D-F90E-4ECB-9F21-35E755385A4A}.Release|Any CPU.Build.0 = Release|Any CPU
		{07E33192-8CCF-4D8D-8FC3-1E58AD5B1E11}.Debug_Sqlite|Any CPU.ActiveCfg = Debug_Sqlite|Any CPU
		{07E33192-8CCF-4D8D-8FC3-1E58AD5B1E11}.Debug_Sqlite|Any CPU.Build.0 = Debug_Sqlite|Any CPU
		{07E33192-8CCF-4D8D-8FC3-1E58AD5B1E11}.Debug|Any CPU.ActiveCfg = Debug|Any CPU
		{07E33192-8CCF-4D8D-8FC3-1E58AD5B1E11}.Debug|Any CPU.Build.0 = Debug|Any CPU
		{07E33192-8CCF-4D8D-8FC3-1E58AD5B1E11}.Release|Any CPU.ActiveCfg = Release|Any CPU
		{07E33192-8CCF-4D8D-8FC3-1E58AD5B1E11}.Release|Any CPU.Build.0 = Release|Any CPU
		{68D127E8-5898-4012-89D9-10B3F343C5D4}.Debug_Sqlite|Any CPU.ActiveCfg = Debug_Sqlite|Any CPU
		{68D127E8-5898-4012-89D9-10B3F343C5D4}.Debug_Sqlite|Any CPU.Build.0 = Debug_Sqlite|Any CPU
		{68D127E8-5898-4012-89D9-10B3F343C5D4}.Debug|Any CPU.ActiveCfg = Debug|Any CPU
		{68D127E8-5898-4012-89D9-10B3F343C5D4}.Debug|Any CPU.Build.0 = Debug|Any CPU
		{68D127E8-5898-4012-89D9-10B3F343C5D4}.Release|Any CPU.ActiveCfg = Release|Any CPU
		{68D127E8-5898-4012-89D9-10B3F343C5D4}.Release|Any CPU.Build.0 = Release|Any CPU
		{2D36F733-6BE0-442F-847C-B7D6A8450963}.Debug_Sqlite|Any CPU.ActiveCfg = Debug_Sqlite|Any CPU
		{2D36F733-6BE0-442F-847C-B7D6A8450963}.Debug_Sqlite|Any CPU.Build.0 = Debug_Sqlite|Any CPU
		{2D36F733-6BE0-442F-847C-B7D6A8450963}.Debug|Any CPU.ActiveCfg = Debug|Any CPU
		{2D36F733-6BE0-442F-847C-B7D6A8450963}.Debug|Any CPU.Build.0 = Debug|Any CPU
		{2D36F733-6BE0-442F-847C-B7D6A8450963}.Release|Any CPU.ActiveCfg = Release|Any CPU
		{2D36F733-6BE0-442F-847C-B7D6A8450963}.Release|Any CPU.Build.0 = Release|Any CPU
		{AC6E3937-13B8-48BB-AB60-7CDED4148F12}.Debug_Sqlite|Any CPU.ActiveCfg = Debug_Sqlite|Any CPU
		{AC6E3937-13B8-48BB-AB60-7CDED4148F12}.Debug_Sqlite|Any CPU.Build.0 = Debug_Sqlite|Any CPU
		{AC6E3937-13B8-48BB-AB60-7CDED4148F12}.Debug|Any CPU.ActiveCfg = Debug|Any CPU
		{AC6E3937-13B8-48BB-AB60-7CDED4148F12}.Debug|Any CPU.Build.0 = Debug|Any CPU
		{AC6E3937-13B8-48BB-AB60-7CDED4148F12}.Release|Any CPU.ActiveCfg = Release|Any CPU
		{AC6E3937-13B8-48BB-AB60-7CDED4148F12}.Release|Any CPU.Build.0 = Release|Any CPU
		{9FF210CA-DA69-4543-9E8A-996BEE0BC7D7}.Debug_Sqlite|Any CPU.ActiveCfg = Debug_Sqlite|Any CPU
		{9FF210CA-DA69-4543-9E8A-996BEE0BC7D7}.Debug_Sqlite|Any CPU.Build.0 = Debug_Sqlite|Any CPU
		{9FF210CA-DA69-4543-9E8A-996BEE0BC7D7}.Debug|Any CPU.ActiveCfg = Debug|Any CPU
		{9FF210CA-DA69-4543-9E8A-996BEE0BC7D7}.Debug|Any CPU.Build.0 = Debug|Any CPU
		{9FF210CA-DA69-4543-9E8A-996BEE0BC7D7}.Release|Any CPU.ActiveCfg = Release|Any CPU
		{9FF210CA-DA69-4543-9E8A-996BEE0BC7D7}.Release|Any CPU.Build.0 = Release|Any CPU
		{C5A42C53-5261-4A8F-B915-9B799857569B}.Debug_Sqlite|Any CPU.ActiveCfg = Debug_Sqlite|Any CPU
		{C5A42C53-5261-4A8F-B915-9B799857569B}.Debug_Sqlite|Any CPU.Build.0 = Debug_Sqlite|Any CPU
		{C5A42C53-5261-4A8F-B915-9B799857569B}.Debug|Any CPU.ActiveCfg = Debug|Any CPU
		{C5A42C53-5261-4A8F-B915-9B799857569B}.Debug|Any CPU.Build.0 = Debug|Any CPU
		{C5A42C53-5261-4A8F-B915-9B799857569B}.Release|Any CPU.ActiveCfg = Release|Any CPU
		{C5A42C53-5261-4A8F-B915-9B799857569B}.Release|Any CPU.Build.0 = Release|Any CPU
		{85E6F190-03A0-4D38-8123-821A3ABB9316}.Debug_Sqlite|Any CPU.ActiveCfg = Debug_Sqlite|Any CPU
		{85E6F190-03A0-4D38-8123-821A3ABB9316}.Debug_Sqlite|Any CPU.Build.0 = Debug_Sqlite|Any CPU
		{85E6F190-03A0-4D38-8123-821A3ABB9316}.Debug|Any CPU.ActiveCfg = Debug|Any CPU
		{85E6F190-03A0-4D38-8123-821A3ABB9316}.Debug|Any CPU.Build.0 = Debug|Any CPU
		{85E6F190-03A0-4D38-8123-821A3ABB9316}.Release|Any CPU.ActiveCfg = Release|Any CPU
		{85E6F190-03A0-4D38-8123-821A3ABB9316}.Release|Any CPU.Build.0 = Release|Any CPU
		{8338B364-D13A-4743-94CD-6552ED1AFEDD}.Debug_Sqlite|Any CPU.ActiveCfg = Debug_Sqlite|Any CPU
		{8338B364-D13A-4743-94CD-6552ED1AFEDD}.Debug_Sqlite|Any CPU.Build.0 = Debug_Sqlite|Any CPU
		{8338B364-D13A-4743-94CD-6552ED1AFEDD}.Debug|Any CPU.ActiveCfg = Debug|Any CPU
		{8338B364-D13A-4743-94CD-6552ED1AFEDD}.Debug|Any CPU.Build.0 = Debug|Any CPU
		{8338B364-D13A-4743-94CD-6552ED1AFEDD}.Release|Any CPU.ActiveCfg = Release|Any CPU
		{8338B364-D13A-4743-94CD-6552ED1AFEDD}.Release|Any CPU.Build.0 = Release|Any CPU
		{35BDADE2-44A0-4D84-BF1E-88DE420739F2}.Debug_Sqlite|Any CPU.ActiveCfg = Debug_Sqlite|Any CPU
		{35BDADE2-44A0-4D84-BF1E-88DE420739F2}.Debug_Sqlite|Any CPU.Build.0 = Debug_Sqlite|Any CPU
		{35BDADE2-44A0-4D84-BF1E-88DE420739F2}.Debug|Any CPU.ActiveCfg = Debug|Any CPU
		{35BDADE2-44A0-4D84-BF1E-88DE420739F2}.Debug|Any CPU.Build.0 = Debug|Any CPU
		{35BDADE2-44A0-4D84-BF1E-88DE420739F2}.Release|Any CPU.ActiveCfg = Release|Any CPU
		{35BDADE2-44A0-4D84-BF1E-88DE420739F2}.Release|Any CPU.Build.0 = Release|Any CPU
		{D761FCBB-2BB4-4F8E-8503-1E2992D1D185}.Debug_Sqlite|Any CPU.ActiveCfg = Debug_Sqlite|Any CPU
		{D761FCBB-2BB4-4F8E-8503-1E2992D1D185}.Debug_Sqlite|Any CPU.Build.0 = Debug_Sqlite|Any CPU
		{D761FCBB-2BB4-4F8E-8503-1E2992D1D185}.Debug|Any CPU.ActiveCfg = Debug|Any CPU
		{D761FCBB-2BB4-4F8E-8503-1E2992D1D185}.Debug|Any CPU.Build.0 = Debug|Any CPU
		{D761FCBB-2BB4-4F8E-8503-1E2992D1D185}.Release|Any CPU.ActiveCfg = Release|Any CPU
		{D761FCBB-2BB4-4F8E-8503-1E2992D1D185}.Release|Any CPU.Build.0 = Release|Any CPU
		{448665FD-AD15-4DCE-8D02-83C74AF9BE13}.Debug_Sqlite|Any CPU.ActiveCfg = Debug_Sqlite|Any CPU
		{448665FD-AD15-4DCE-8D02-83C74AF9BE13}.Debug_Sqlite|Any CPU.Build.0 = Debug_Sqlite|Any CPU
		{448665FD-AD15-4DCE-8D02-83C74AF9BE13}.Debug|Any CPU.ActiveCfg = Debug|Any CPU
		{448665FD-AD15-4DCE-8D02-83C74AF9BE13}.Debug|Any CPU.Build.0 = Debug|Any CPU
		{448665FD-AD15-4DCE-8D02-83C74AF9BE13}.Release|Any CPU.ActiveCfg = Release|Any CPU
		{448665FD-AD15-4DCE-8D02-83C74AF9BE13}.Release|Any CPU.Build.0 = Release|Any CPU
		{EDDE518D-F130-4D33-93BA-EB8683D3A4B9}.Debug_Sqlite|Any CPU.ActiveCfg = Debug_Sqlite|Any CPU
		{EDDE518D-F130-4D33-93BA-EB8683D3A4B9}.Debug_Sqlite|Any CPU.Build.0 = Debug_Sqlite|Any CPU
		{EDDE518D-F130-4D33-93BA-EB8683D3A4B9}.Debug|Any CPU.ActiveCfg = Debug|Any CPU
		{EDDE518D-F130-4D33-93BA-EB8683D3A4B9}.Debug|Any CPU.Build.0 = Debug|Any CPU
		{EDDE518D-F130-4D33-93BA-EB8683D3A4B9}.Release|Any CPU.ActiveCfg = Release|Any CPU
		{EDDE518D-F130-4D33-93BA-EB8683D3A4B9}.Release|Any CPU.Build.0 = Release|Any CPU
		{657A6D63-09FD-4E90-9BCD-EB9A090D7F15}.Debug_Sqlite|Any CPU.ActiveCfg = Debug_Sqlite|Any CPU
		{657A6D63-09FD-4E90-9BCD-EB9A090D7F15}.Debug_Sqlite|Any CPU.Build.0 = Debug_Sqlite|Any CPU
		{657A6D63-09FD-4E90-9BCD-EB9A090D7F15}.Debug|Any CPU.ActiveCfg = Debug|Any CPU
		{657A6D63-09FD-4E90-9BCD-EB9A090D7F15}.Debug|Any CPU.Build.0 = Debug|Any CPU
		{657A6D63-09FD-4E90-9BCD-EB9A090D7F15}.Release|Any CPU.ActiveCfg = Release|Any CPU
		{657A6D63-09FD-4E90-9BCD-EB9A090D7F15}.Release|Any CPU.Build.0 = Release|Any CPU
		{62C7568B-250B-42D0-8177-06EC3DE368F2}.Debug_Sqlite|Any CPU.ActiveCfg = Debug_Sqlite|Any CPU
		{62C7568B-250B-42D0-8177-06EC3DE368F2}.Debug_Sqlite|Any CPU.Build.0 = Debug_Sqlite|Any CPU
		{62C7568B-250B-42D0-8177-06EC3DE368F2}.Debug|Any CPU.ActiveCfg = Debug|Any CPU
		{62C7568B-250B-42D0-8177-06EC3DE368F2}.Debug|Any CPU.Build.0 = Debug|Any CPU
		{62C7568B-250B-42D0-8177-06EC3DE368F2}.Release|Any CPU.ActiveCfg = Release|Any CPU
		{62C7568B-250B-42D0-8177-06EC3DE368F2}.Release|Any CPU.Build.0 = Release|Any CPU
		{A459E3EF-BE5D-468C-9E98-B6F08E9042F6}.Debug_Sqlite|Any CPU.ActiveCfg = Debug_Sqlite|Any CPU
		{A459E3EF-BE5D-468C-9E98-B6F08E9042F6}.Debug_Sqlite|Any CPU.Build.0 = Debug_Sqlite|Any CPU
		{A459E3EF-BE5D-468C-9E98-B6F08E9042F6}.Debug|Any CPU.ActiveCfg = Debug|Any CPU
		{A459E3EF-BE5D-468C-9E98-B6F08E9042F6}.Debug|Any CPU.Build.0 = Debug|Any CPU
		{A459E3EF-BE5D-468C-9E98-B6F08E9042F6}.Release|Any CPU.ActiveCfg = Release|Any CPU
		{A459E3EF-BE5D-468C-9E98-B6F08E9042F6}.Release|Any CPU.Build.0 = Release|Any CPU
		{0AB09416-0605-4AA0-895D-E1009EC8CCC2}.Debug_Sqlite|Any CPU.ActiveCfg = Debug_Sqlite|Any CPU
		{0AB09416-0605-4AA0-895D-E1009EC8CCC2}.Debug_Sqlite|Any CPU.Build.0 = Debug_Sqlite|Any CPU
		{0AB09416-0605-4AA0-895D-E1009EC8CCC2}.Debug|Any CPU.ActiveCfg = Debug|Any CPU
		{0AB09416-0605-4AA0-895D-E1009EC8CCC2}.Debug|Any CPU.Build.0 = Debug|Any CPU
		{0AB09416-0605-4AA0-895D-E1009EC8CCC2}.Release|Any CPU.ActiveCfg = Release|Any CPU
		{0AB09416-0605-4AA0-895D-E1009EC8CCC2}.Release|Any CPU.Build.0 = Release|Any CPU
		{9D8B0D19-4DB9-4883-A4A0-B18132B3E562}.Debug_Sqlite|Any CPU.ActiveCfg = Debug_Sqlite|Any CPU
		{9D8B0D19-4DB9-4883-A4A0-B18132B3E562}.Debug_Sqlite|Any CPU.Build.0 = Debug_Sqlite|Any CPU
		{9D8B0D19-4DB9-4883-A4A0-B18132B3E562}.Debug|Any CPU.ActiveCfg = Debug|Any CPU
		{9D8B0D19-4DB9-4883-A4A0-B18132B3E562}.Debug|Any CPU.Build.0 = Debug|Any CPU
		{9D8B0D19-4DB9-4883-A4A0-B18132B3E562}.Release|Any CPU.ActiveCfg = Release|Any CPU
		{9D8B0D19-4DB9-4883-A4A0-B18132B3E562}.Release|Any CPU.Build.0 = Release|Any CPU
		{6563D92E-30D8-4A4B-8625-A4FE0397884B}.Debug_Sqlite|Any CPU.ActiveCfg = Debug_Sqlite|Any CPU
		{6563D92E-30D8-4A4B-8625-A4FE0397884B}.Debug_Sqlite|Any CPU.Build.0 = Debug_Sqlite|Any CPU
		{6563D92E-30D8-4A4B-8625-A4FE0397884B}.Debug|Any CPU.ActiveCfg = Debug|Any CPU
		{6563D92E-30D8-4A4B-8625-A4FE0397884B}.Debug|Any CPU.Build.0 = Debug|Any CPU
		{6563D92E-30D8-4A4B-8625-A4FE0397884B}.Release|Any CPU.ActiveCfg = Release|Any CPU
		{6563D92E-30D8-4A4B-8625-A4FE0397884B}.Release|Any CPU.Build.0 = Release|Any CPU
		{27AA007B-5D33-4D28-A787-F9E535DC6FC8}.Debug_Sqlite|Any CPU.ActiveCfg = Debug_Sqlite|Any CPU
		{27AA007B-5D33-4D28-A787-F9E535DC6FC8}.Debug_Sqlite|Any CPU.Build.0 = Debug_Sqlite|Any CPU
		{27AA007B-5D33-4D28-A787-F9E535DC6FC8}.Debug|Any CPU.ActiveCfg = Debug|Any CPU
		{27AA007B-5D33-4D28-A787-F9E535DC6FC8}.Debug|Any CPU.Build.0 = Debug|Any CPU
		{27AA007B-5D33-4D28-A787-F9E535DC6FC8}.Release|Any CPU.ActiveCfg = Release|Any CPU
		{27AA007B-5D33-4D28-A787-F9E535DC6FC8}.Release|Any CPU.Build.0 = Release|Any CPU
		{494004E5-8715-413D-825C-B723283F4E45}.Debug_Sqlite|Any CPU.ActiveCfg = Debug_Sqlite|Any CPU
		{494004E5-8715-413D-825C-B723283F4E45}.Debug_Sqlite|Any CPU.Build.0 = Debug_Sqlite|Any CPU
		{494004E5-8715-413D-825C-B723283F4E45}.Debug|Any CPU.ActiveCfg = Debug|Any CPU
		{494004E5-8715-413D-825C-B723283F4E45}.Debug|Any CPU.Build.0 = Debug|Any CPU
		{494004E5-8715-413D-825C-B723283F4E45}.Release|Any CPU.ActiveCfg = Release|Any CPU
		{494004E5-8715-413D-825C-B723283F4E45}.Release|Any CPU.Build.0 = Release|Any CPU
		{297C014A-0BDE-47E5-9859-3168C71079F3}.Debug_Sqlite|Any CPU.ActiveCfg = Debug_Sqlite|Any CPU
		{297C014A-0BDE-47E5-9859-3168C71079F3}.Debug_Sqlite|Any CPU.Build.0 = Debug_Sqlite|Any CPU
		{297C014A-0BDE-47E5-9859-3168C71079F3}.Debug|Any CPU.ActiveCfg = Debug|Any CPU
		{297C014A-0BDE-47E5-9859-3168C71079F3}.Debug|Any CPU.Build.0 = Debug|Any CPU
		{297C014A-0BDE-47E5-9859-3168C71079F3}.Release|Any CPU.ActiveCfg = Release|Any CPU
		{297C014A-0BDE-47E5-9859-3168C71079F3}.Release|Any CPU.Build.0 = Release|Any CPU
		{F544CF2B-FF05-42F6-ADFE-9BF0F73C3C08}.Debug_Sqlite|Any CPU.ActiveCfg = Debug_Sqlite|Any CPU
		{F544CF2B-FF05-42F6-ADFE-9BF0F73C3C08}.Debug_Sqlite|Any CPU.Build.0 = Debug_Sqlite|Any CPU
		{F544CF2B-FF05-42F6-ADFE-9BF0F73C3C08}.Debug|Any CPU.ActiveCfg = Debug|Any CPU
		{F544CF2B-FF05-42F6-ADFE-9BF0F73C3C08}.Debug|Any CPU.Build.0 = Debug|Any CPU
		{F544CF2B-FF05-42F6-ADFE-9BF0F73C3C08}.Release|Any CPU.ActiveCfg = Release|Any CPU
		{F544CF2B-FF05-42F6-ADFE-9BF0F73C3C08}.Release|Any CPU.Build.0 = Release|Any CPU
		{046C58B4-D3BE-4882-B56C-9BBBDBA4052B}.Debug_Sqlite|Any CPU.ActiveCfg = Debug_Sqlite|Any CPU
		{046C58B4-D3BE-4882-B56C-9BBBDBA4052B}.Debug_Sqlite|Any CPU.Build.0 = Debug_Sqlite|Any CPU
		{046C58B4-D3BE-4882-B56C-9BBBDBA4052B}.Debug|Any CPU.ActiveCfg = Debug|Any CPU
		{046C58B4-D3BE-4882-B56C-9BBBDBA4052B}.Debug|Any CPU.Build.0 = Debug|Any CPU
		{046C58B4-D3BE-4882-B56C-9BBBDBA4052B}.Release|Any CPU.ActiveCfg = Release|Any CPU
		{046C58B4-D3BE-4882-B56C-9BBBDBA4052B}.Release|Any CPU.Build.0 = Release|Any CPU
		{549DFF7A-B979-44D2-A57F-FE9ECD8CBD72}.Debug_Sqlite|Any CPU.ActiveCfg = Debug_Sqlite|Any CPU
		{549DFF7A-B979-44D2-A57F-FE9ECD8CBD72}.Debug_Sqlite|Any CPU.Build.0 = Debug_Sqlite|Any CPU
		{549DFF7A-B979-44D2-A57F-FE9ECD8CBD72}.Debug|Any CPU.ActiveCfg = Debug|Any CPU
		{549DFF7A-B979-44D2-A57F-FE9ECD8CBD72}.Debug|Any CPU.Build.0 = Debug|Any CPU
		{549DFF7A-B979-44D2-A57F-FE9ECD8CBD72}.Release|Any CPU.ActiveCfg = Release|Any CPU
		{549DFF7A-B979-44D2-A57F-FE9ECD8CBD72}.Release|Any CPU.Build.0 = Release|Any CPU
		{C719456B-395F-4DE5-A03F-37D93C624E86}.Debug_Sqlite|Any CPU.ActiveCfg = Debug_Sqlite|Any CPU
		{C719456B-395F-4DE5-A03F-37D93C624E86}.Debug_Sqlite|Any CPU.Build.0 = Debug_Sqlite|Any CPU
		{C719456B-395F-4DE5-A03F-37D93C624E86}.Debug|Any CPU.ActiveCfg = Debug|Any CPU
		{C719456B-395F-4DE5-A03F-37D93C624E86}.Debug|Any CPU.Build.0 = Debug|Any CPU
		{C719456B-395F-4DE5-A03F-37D93C624E86}.Release|Any CPU.ActiveCfg = Release|Any CPU
		{C719456B-395F-4DE5-A03F-37D93C624E86}.Release|Any CPU.Build.0 = Release|Any CPU
		{3F80CC15-9AA3-4635-ADBE-8A9E8A1A47D8}.Debug_Sqlite|Any CPU.ActiveCfg = Debug_Sqlite|Any CPU
		{3F80CC15-9AA3-4635-ADBE-8A9E8A1A47D8}.Debug_Sqlite|Any CPU.Build.0 = Debug_Sqlite|Any CPU
		{3F80CC15-9AA3-4635-ADBE-8A9E8A1A47D8}.Debug|Any CPU.ActiveCfg = Debug|Any CPU
		{3F80CC15-9AA3-4635-ADBE-8A9E8A1A47D8}.Debug|Any CPU.Build.0 = Debug|Any CPU
		{3F80CC15-9AA3-4635-ADBE-8A9E8A1A47D8}.Release|Any CPU.ActiveCfg = Release|Any CPU
		{3F80CC15-9AA3-4635-ADBE-8A9E8A1A47D8}.Release|Any CPU.Build.0 = Release|Any CPU
		{E8271A8A-500E-495D-A667-BC93404E07ED}.Debug_Sqlite|Any CPU.ActiveCfg = Debug_Sqlite|Any CPU
		{E8271A8A-500E-495D-A667-BC93404E07ED}.Debug_Sqlite|Any CPU.Build.0 = Debug_Sqlite|Any CPU
		{E8271A8A-500E-495D-A667-BC93404E07ED}.Debug|Any CPU.ActiveCfg = Debug|Any CPU
		{E8271A8A-500E-495D-A667-BC93404E07ED}.Debug|Any CPU.Build.0 = Debug|Any CPU
		{E8271A8A-500E-495D-A667-BC93404E07ED}.Release|Any CPU.ActiveCfg = Release|Any CPU
		{E8271A8A-500E-495D-A667-BC93404E07ED}.Release|Any CPU.Build.0 = Release|Any CPU
		{7761A17D-F932-4F48-8F18-67813EDBE7CB}.Debug_Sqlite|Any CPU.ActiveCfg = Debug_Sqlite|Any CPU
		{7761A17D-F932-4F48-8F18-67813EDBE7CB}.Debug_Sqlite|Any CPU.Build.0 = Debug_Sqlite|Any CPU
		{7761A17D-F932-4F48-8F18-67813EDBE7CB}.Debug|Any CPU.ActiveCfg = Debug|Any CPU
		{7761A17D-F932-4F48-8F18-67813EDBE7CB}.Debug|Any CPU.Build.0 = Debug|Any CPU
		{7761A17D-F932-4F48-8F18-67813EDBE7CB}.Release|Any CPU.ActiveCfg = Release|Any CPU
		{7761A17D-F932-4F48-8F18-67813EDBE7CB}.Release|Any CPU.Build.0 = Release|Any CPU
		{AEF890D9-4287-44B4-B65E-F4E0CD273901}.Debug_Sqlite|Any CPU.ActiveCfg = Debug_Sqlite|Any CPU
		{AEF890D9-4287-44B4-B65E-F4E0CD273901}.Debug_Sqlite|Any CPU.Build.0 = Debug_Sqlite|Any CPU
		{AEF890D9-4287-44B4-B65E-F4E0CD273901}.Debug|Any CPU.ActiveCfg = Debug|Any CPU
		{AEF890D9-4287-44B4-B65E-F4E0CD273901}.Debug|Any CPU.Build.0 = Debug|Any CPU
		{AEF890D9-4287-44B4-B65E-F4E0CD273901}.Release|Any CPU.ActiveCfg = Release|Any CPU
		{AEF890D9-4287-44B4-B65E-F4E0CD273901}.Release|Any CPU.Build.0 = Release|Any CPU
		{73321565-B0B0-4E52-860A-D074F309C9D4}.Debug_Sqlite|Any CPU.ActiveCfg = Debug_Sqlite|Any CPU
		{73321565-B0B0-4E52-860A-D074F309C9D4}.Debug_Sqlite|Any CPU.Build.0 = Debug_Sqlite|Any CPU
		{73321565-B0B0-4E52-860A-D074F309C9D4}.Debug|Any CPU.ActiveCfg = Debug|Any CPU
		{73321565-B0B0-4E52-860A-D074F309C9D4}.Debug|Any CPU.Build.0 = Debug|Any CPU
		{73321565-B0B0-4E52-860A-D074F309C9D4}.Release|Any CPU.ActiveCfg = Release|Any CPU
		{73321565-B0B0-4E52-860A-D074F309C9D4}.Release|Any CPU.Build.0 = Release|Any CPU
		{72D76732-766E-4732-B4DB-DB4FD0AE22CB}.Debug_Sqlite|Any CPU.ActiveCfg = Debug_Sqlite|Any CPU
		{72D76732-766E-4732-B4DB-DB4FD0AE22CB}.Debug_Sqlite|Any CPU.Build.0 = Debug_Sqlite|Any CPU
		{72D76732-766E-4732-B4DB-DB4FD0AE22CB}.Debug|Any CPU.ActiveCfg = Debug|Any CPU
		{72D76732-766E-4732-B4DB-DB4FD0AE22CB}.Debug|Any CPU.Build.0 = Debug|Any CPU
		{72D76732-766E-4732-B4DB-DB4FD0AE22CB}.Release|Any CPU.ActiveCfg = Release|Any CPU
		{72D76732-766E-4732-B4DB-DB4FD0AE22CB}.Release|Any CPU.Build.0 = Release|Any CPU
		{AE05E897-5402-45EF-B767-306151E212CF}.Debug_Sqlite|Any CPU.ActiveCfg = Debug_Sqlite|Any CPU
		{AE05E897-5402-45EF-B767-306151E212CF}.Debug_Sqlite|Any CPU.Build.0 = Debug_Sqlite|Any CPU
		{AE05E897-5402-45EF-B767-306151E212CF}.Debug|Any CPU.ActiveCfg = Debug|Any CPU
		{AE05E897-5402-45EF-B767-306151E212CF}.Debug|Any CPU.Build.0 = Debug|Any CPU
		{AE05E897-5402-45EF-B767-306151E212CF}.Release|Any CPU.ActiveCfg = Release|Any CPU
		{AE05E897-5402-45EF-B767-306151E212CF}.Release|Any CPU.Build.0 = Release|Any CPU
		{622A1C38-1AA9-41C3-83B9-7C0406352503}.Debug_Sqlite|Any CPU.ActiveCfg = Debug|Any CPU
		{622A1C38-1AA9-41C3-83B9-7C0406352503}.Debug_Sqlite|Any CPU.Build.0 = Debug|Any CPU
		{622A1C38-1AA9-41C3-83B9-7C0406352503}.Debug|Any CPU.ActiveCfg = Debug|Any CPU
		{622A1C38-1AA9-41C3-83B9-7C0406352503}.Debug|Any CPU.Build.0 = Debug|Any CPU
		{622A1C38-1AA9-41C3-83B9-7C0406352503}.Release|Any CPU.ActiveCfg = Release|Any CPU
		{622A1C38-1AA9-41C3-83B9-7C0406352503}.Release|Any CPU.Build.0 = Release|Any CPU
	EndGlobalSection
	GlobalSection(SolutionProperties) = preSolution
		HideSolutionNode = FALSE
	EndGlobalSection
	GlobalSection(NestedProjects) = preSolution
		{657A6D63-09FD-4E90-9BCD-EB9A090D7F15} = {0C4FA38A-B2AC-4A69-84EF-4500205883F8}
		{62C7568B-250B-42D0-8177-06EC3DE368F2} = {0C4FA38A-B2AC-4A69-84EF-4500205883F8}
		{A459E3EF-BE5D-468C-9E98-B6F08E9042F6} = {0C4FA38A-B2AC-4A69-84EF-4500205883F8}
		{0AB09416-0605-4AA0-895D-E1009EC8CCC2} = {0C4FA38A-B2AC-4A69-84EF-4500205883F8}
		{494004E5-8715-413D-825C-B723283F4E45} = {22A0D0AA-FA0B-4838-911D-875F0B2AF7AB}
		{297C014A-0BDE-47E5-9859-3168C71079F3} = {22A0D0AA-FA0B-4838-911D-875F0B2AF7AB}
		{AEF890D9-4287-44B4-B65E-F4E0CD273901} = {8F163184-2A51-414E-B73D-8AC2ADCB40E2}
		{73321565-B0B0-4E52-860A-D074F309C9D4} = {8F163184-2A51-414E-B73D-8AC2ADCB40E2}
		{72D76732-766E-4732-B4DB-DB4FD0AE22CB} = {8F163184-2A51-414E-B73D-8AC2ADCB40E2}
		{AE05E897-5402-45EF-B767-306151E212CF} = {8F163184-2A51-414E-B73D-8AC2ADCB40E2}
		{622A1C38-1AA9-41C3-83B9-7C0406352503} = {8F163184-2A51-414E-B73D-8AC2ADCB40E2}
	EndGlobalSection
	GlobalSection(ExtensibilityGlobals) = postSolution
		SolutionGuid = {5CBB7027-9855-46CE-8FFA-32A9E65217FF}
	EndGlobalSection
EndGlobal
