
Microsoft Visual Studio Solution File, Format Version 12.00
# Visual Studio Version 17
VisualStudioVersion = 17.0.32112.339
MinimumVisualStudioVersion = 10.0.40219.1
Project("{9A19103F-16F7-4668-BE54-9A1E7A4F7556}") = "EnumBitFlags", "EnumBitFlags\EnumBitFlags.csproj", "{629786A6-72F9-4747-A928-ECAA4F41614B}"
EndProject
Project("{9A19103F-16F7-4668-BE54-9A1E7A4F7556}") = "i18next_Test", "i18next_Test\i18next_Test.csproj", "{07E33192-8CCF-4D8D-8FC3-1E58AD5B1E11}"
EndProject
Project("{9A19103F-16F7-4668-BE54-9A1E7A4F7556}") = "Localize_WinFormsLocalizeAuto", "Localize_WinFormsLocalizeAuto\Localize_WinFormsLocalizeAuto.csproj", "{68D127E8-5898-4012-89D9-10B3F343C5D4}"
EndProject
Project("{9A19103F-16F7-4668-BE54-9A1E7A4F7556}") = "Localize_Resource", "Localize_Resource\Localize_Resource.csproj", "{2D36F733-6BE0-442F-847C-B7D6A8450963}"
EndProject
Project("{9A19103F-16F7-4668-BE54-9A1E7A4F7556}") = "Localize_WinFormsResourceShift", "Localize_WinFormsResourceShift\Localize_WinFormsResourceShift.csproj", "{AC6E3937-13B8-48BB-AB60-7CDED4148F12}"
EndProject
Project("{9A19103F-16F7-4668-BE54-9A1E7A4F7556}") = "SelfHost", "SelfHost\SelfHost.csproj", "{9FF210CA-DA69-4543-9E8A-996BEE0BC7D7}"
EndProject
Project("{9A19103F-16F7-4668-BE54-9A1E7A4F7556}") = "TreeDepth", "TreeDepth\TreeDepth.csproj", "{C5A42C53-5261-4A8F-B915-9B799857569B}"
EndProject
Project("{9A19103F-16F7-4668-BE54-9A1E7A4F7556}") = "JsFetchApiTest", "JsFetchApiTest\JsFetchApiTest.csproj", "{8338B364-D13A-4743-94CD-6552ED1AFEDD}"
EndProject
Project("{9A19103F-16F7-4668-BE54-9A1E7A4F7556}") = "JsAjaxAssistTest", "JsAjaxAssistTest\JsAjaxAssistTest.csproj", "{35BDADE2-44A0-4D84-BF1E-88DE420739F2}"
EndProject
Project("{9A19103F-16F7-4668-BE54-9A1E7A4F7556}") = "EntityFrameworkSafeUpdate", "EntityFrameworkSafeUpdate\EntityFrameworkSafeUpdate.csproj", "{D761FCBB-2BB4-4F8E-8503-1E2992D1D185}"
EndProject
Project("{FAE04EC0-301F-11D3-BF4B-00C04F79EFBC}") = "ClassToJson", "ClassToJson\ClassToJson.csproj", "{448665FD-AD15-4DCE-8D02-83C74AF9BE13}"
EndProject
Project("{9A19103F-16F7-4668-BE54-9A1E7A4F7556}") = "WpfInvokeTest", "WpfInvokeTest\WpfInvokeTest.csproj", "{EDDE518D-F130-4D33-93BA-EB8683D3A4B9}"
EndProject
Project("{2150E333-8FDC-42A3-9474-1A3956D46DE8}") = "ReleaseDllTest", "ReleaseDllTest", "{0C4FA38A-B2AC-4A69-84EF-4500205883F8}"
EndProject
Project("{9A19103F-16F7-4668-BE54-9A1E7A4F7556}") = "ReleaseTestDll", "ReleaseTestDll\ReleaseTestDll.csproj", "{657A6D63-09FD-4E90-9BCD-EB9A090D7F15}"
EndProject
Project("{9A19103F-16F7-4668-BE54-9A1E7A4F7556}") = "ReleaseDllTest_ProjectReference", "ReleaseDllTest_ProjectReference\ReleaseDllTest_ProjectReference.csproj", "{62C7568B-250B-42D0-8177-06EC3DE368F2}"
EndProject
Project("{9A19103F-16F7-4668-BE54-9A1E7A4F7556}") = "ReleaseDllTest_DllReference", "ReleaseDllTest_DllReference\ReleaseDllTest_DllReference.csproj", "{A459E3EF-BE5D-468C-9E98-B6F08E9042F6}"
EndProject
Project("{9A19103F-16F7-4668-BE54-9A1E7A4F7556}") = "ReleaseDllTest_DllInsideReference", "ReleaseDllTest_DllInsideReference\ReleaseDllTest_DllInsideReference.csproj", "{0AB09416-0605-4AA0-895D-E1009EC8CCC2}"
EndProject
Project("{9A19103F-16F7-4668-BE54-9A1E7A4F7556}") = "JsVueTest", "JsVueTest\JsVueTest.csproj", "{9D8B0D19-4DB9-4883-A4A0-B18132B3E562}"
EndProject
Project("{9A19103F-16F7-4668-BE54-9A1E7A4F7556}") = "GameLoopTest", "GameLoopTest\GameLoopTest.csproj", "{6563D92E-30D8-4A4B-8625-A4FE0397884B}"
EndProject
Project("{9A19103F-16F7-4668-BE54-9A1E7A4F7556}") = "SoundPlayerTest", "SoundPlayerTest\SoundPlayerTest.csproj", "{27AA007B-5D33-4D28-A787-F9E535DC6FC8}"
EndProject
Project("{2150E333-8FDC-42A3-9474-1A3956D46DE8}") = "StopwatchTimer", "StopwatchTimer", "{22A0D0AA-FA0B-4838-911D-875F0B2AF7AB}"
EndProject
Project("{FAE04EC0-301F-11D3-BF4B-00C04F79EFBC}") = "StopwatchTimer", "StopwatchTimer\StopwatchTimer.csproj", "{494004E5-8715-413D-825C-B723283F4E45}"
EndProject
Project("{9A19103F-16F7-4668-BE54-9A1E7A4F7556}") = "StopwatchTimerTest", "StopwatchTimerTest\StopwatchTimerTest.csproj", "{297C014A-0BDE-47E5-9859-3168C71079F3}"
EndProject
Project("{9A19103F-16F7-4668-BE54-9A1E7A4F7556}") = "ConsoleModeSettingTest", "ConsoleModeSettingTest\ConsoleModeSettingTest.csproj", "{F544CF2B-FF05-42F6-ADFE-9BF0F73C3C08}"
EndProject
Project("{9A19103F-16F7-4668-BE54-9A1E7A4F7556}") = "ToVsCodeTest", "ToVsCodeTest\ToVsCodeTest.csproj", "{549DFF7A-B979-44D2-A57F-FE9ECD8CBD72}"
EndProject
Project("{9A19103F-16F7-4668-BE54-9A1E7A4F7556}") = "ThrowTest", "ThrowTest\ThrowTest.csproj", "{C719456B-395F-4DE5-A03F-37D93C624E86}"
EndProject
Project("{9A19103F-16F7-4668-BE54-9A1E7A4F7556}") = "ExitTest", "ExitTest\ExitTest.csproj", "{E8271A8A-500E-495D-A667-BC93404E07ED}"
EndProject
Project("{9A19103F-16F7-4668-BE54-9A1E7A4F7556}") = "VersionTest", "VersionTest\VersionTest.csproj", "{7761A17D-F932-4F48-8F18-67813EDBE7CB}"
EndProject
Project("{9A19103F-16F7-4668-BE54-9A1E7A4F7556}") = "EfMultipleContext", "EfMultipleContext\EfMultipleContext.csproj", "{AEF890D9-4287-44B4-B65E-F4E0CD273901}"
EndProject
Project("{2150E333-8FDC-42A3-9474-1A3956D46DE8}") = "EntityFramework", "EntityFramework", "{8F163184-2A51-414E-B73D-8AC2ADCB40E2}"
EndProject
Project("{9A19103F-16F7-4668-BE54-9A1E7A4F7556}") = "EfMultipleContext2", "EfMultipleContext2\EfMultipleContext2.csproj", "{73321565-B0B0-4E52-860A-D074F309C9D4}"
EndProject
Project("{9A19103F-16F7-4668-BE54-9A1E7A4F7556}") = "EfMultiMigrations", "EfMultiMigrations\EfMultiMigrations.csproj", "{72D76732-766E-4732-B4DB-DB4FD0AE22CB}"
EndProject
Project("{9A19103F-16F7-4668-BE54-9A1E7A4F7556}") = "EfMultiMigrations_Asp", "EfMultiMigrations_Asp\EfMultiMigrations_Asp.csproj", "{AE05E897-5402-45EF-B767-306151E212CF}"
EndProject
Project("{9A19103F-16F7-4668-BE54-9A1E7A4F7556}") = "NAudioTest", "NAudioTest\NAudioTest.csproj", "{39BD575B-D995-484A-A4E4-E97311B5BA1A}"
EndProject
Project("{9A19103F-16F7-4668-BE54-9A1E7A4F7556}") = "RhombusOutlinePoint", "RhombusOutlinePoint\RhombusOutlinePoint.csproj", "{31C4E6BD-DCE5-46BE-B65A-3DB17868CB26}"
EndProject
Project("{9A19103F-16F7-4668-BE54-9A1E7A4F7556}") = "NetCoreAudioTest", "NetCoreAudioTest\NetCoreAudioTest.csproj", "{E2AD40FB-7B1B-463A-890C-635ABB4C4679}"
EndProject
Project("{9A19103F-16F7-4668-BE54-9A1E7A4F7556}") = "StopwatchTimer_Test", "StopwatchTimer_Test\StopwatchTimer_Test.csproj", "{A2DA7856-9C0D-4831-BE3E-052A20D62318}"
EndProject
Project("{9A19103F-16F7-4668-BE54-9A1E7A4F7556}") = "EfOptimisticConcurrency", "EfOptimisticConcurrency\EfOptimisticConcurrency.csproj", "{BEDB3CCD-A5E1-433D-985B-A734D9716AE5}"
EndProject
Project("{2150E333-8FDC-42A3-9474-1A3956D46DE8}") = "WebView", "WebView", "{B77BCB29-C5CD-41FE-ACD1-151F480BC627}"
EndProject
Project("{FAE04EC0-301F-11D3-BF4B-00C04F79EFBC}") = "WebViewCallJs_Winform", "WebViewCallJs_Winform\WebViewCallJs_Winform.csproj", "{B3934203-D357-4DA4-9CEC-8152E9B63E8A}"
EndProject
Project("{2150E333-8FDC-42A3-9474-1A3956D46DE8}") = "Logger", "Logger", "{3DD7E6DD-60AF-437A-A1D5-4ADFD5C0D457}"
EndProject
Project("{9A19103F-16F7-4668-BE54-9A1E7A4F7556}") = "LoggingNReco_Aspnet", "LoggingNReco_Aspnet\LoggingNReco_Aspnet.csproj", "{7EF532C4-9B72-4989-9AB6-3C195EE7C964}"
EndProject
Project("{9A19103F-16F7-4668-BE54-9A1E7A4F7556}") = "LoggingNReco_WinForm", "LoggingNReco_WinForm\LoggingNReco_WinForm.csproj", "{DAE0C049-2D7B-42DC-ABEA-78A2AFFDC35C}"
EndProject
Project("{9A19103F-16F7-4668-BE54-9A1E7A4F7556}") = "LoggingNReco_WPF", "LoggingNReco_WPF\LoggingNReco_WPF.csproj", "{36509EEE-6721-4B58-AE2D-22BB9DD5D606}"
EndProject
Project("{9A19103F-16F7-4668-BE54-9A1E7A4F7556}") = "OpenCvSharp4_Test", "OpenCvSharp4_Test\OpenCvSharp4_Test.csproj", "{742BA1E6-9C16-4BC3-8CE8-8F88549CB144}"
EndProject
Project("{9A19103F-16F7-4668-BE54-9A1E7A4F7556}") = "OpenCvSharp4_Calibration", "OpenCvSharp4_Calibration\OpenCvSharp4_Calibration.csproj", "{04B64410-DB35-4E20-84B6-322B83A46556}"
EndProject
Project("{9A19103F-16F7-4668-BE54-9A1E7A4F7556}") = "LoggingNReco_DotNetLogging", "LoggingNReco_DotNetLogging\LoggingNReco_DotNetLogging.csproj", "{5EA81591-B4CE-4A42-A94C-4EA20AEE1B7D}"
EndProject
Global
	GlobalSection(SolutionConfigurationPlatforms) = preSolution
		Debug_Sqlite|Any CPU = Debug_Sqlite|Any CPU
		Debug_Sqlite|ARM = Debug_Sqlite|ARM
		Debug_Sqlite|ARM64 = Debug_Sqlite|ARM64
		Debug|Any CPU = Debug|Any CPU
		Debug|ARM = Debug|ARM
		Debug|ARM64 = Debug|ARM64
		Release|Any CPU = Release|Any CPU
		Release|ARM = Release|ARM
		Release|ARM64 = Release|ARM64
	EndGlobalSection
	GlobalSection(ProjectConfigurationPlatforms) = postSolution
		{629786A6-72F9-4747-A928-ECAA4F41614B}.Debug_Sqlite|Any CPU.ActiveCfg = Debug_Sqlite|Any CPU
		{629786A6-72F9-4747-A928-ECAA4F41614B}.Debug_Sqlite|Any CPU.Build.0 = Debug_Sqlite|Any CPU
		{629786A6-72F9-4747-A928-ECAA4F41614B}.Debug_Sqlite|ARM.ActiveCfg = Debug_Sqlite|Any CPU
		{629786A6-72F9-4747-A928-ECAA4F41614B}.Debug_Sqlite|ARM.Build.0 = Debug_Sqlite|Any CPU
		{629786A6-72F9-4747-A928-ECAA4F41614B}.Debug_Sqlite|ARM64.ActiveCfg = Debug_Sqlite|Any CPU
		{629786A6-72F9-4747-A928-ECAA4F41614B}.Debug_Sqlite|ARM64.Build.0 = Debug_Sqlite|Any CPU
		{629786A6-72F9-4747-A928-ECAA4F41614B}.Debug|Any CPU.ActiveCfg = Debug|Any CPU
		{629786A6-72F9-4747-A928-ECAA4F41614B}.Debug|Any CPU.Build.0 = Debug|Any CPU
		{629786A6-72F9-4747-A928-ECAA4F41614B}.Debug|ARM.ActiveCfg = Debug|Any CPU
		{629786A6-72F9-4747-A928-ECAA4F41614B}.Debug|ARM.Build.0 = Debug|Any CPU
		{629786A6-72F9-4747-A928-ECAA4F41614B}.Debug|ARM64.ActiveCfg = Debug|Any CPU
		{629786A6-72F9-4747-A928-ECAA4F41614B}.Debug|ARM64.Build.0 = Debug|Any CPU
		{629786A6-72F9-4747-A928-ECAA4F41614B}.Release|Any CPU.ActiveCfg = Release|Any CPU
		{629786A6-72F9-4747-A928-ECAA4F41614B}.Release|Any CPU.Build.0 = Release|Any CPU
		{629786A6-72F9-4747-A928-ECAA4F41614B}.Release|ARM.ActiveCfg = Release|Any CPU
		{629786A6-72F9-4747-A928-ECAA4F41614B}.Release|ARM.Build.0 = Release|Any CPU
		{629786A6-72F9-4747-A928-ECAA4F41614B}.Release|ARM64.ActiveCfg = Release|Any CPU
		{629786A6-72F9-4747-A928-ECAA4F41614B}.Release|ARM64.Build.0 = Release|Any CPU
		{07E33192-8CCF-4D8D-8FC3-1E58AD5B1E11}.Debug_Sqlite|Any CPU.ActiveCfg = Debug_Sqlite|Any CPU
		{07E33192-8CCF-4D8D-8FC3-1E58AD5B1E11}.Debug_Sqlite|Any CPU.Build.0 = Debug_Sqlite|Any CPU
		{07E33192-8CCF-4D8D-8FC3-1E58AD5B1E11}.Debug_Sqlite|ARM.ActiveCfg = Debug_Sqlite|Any CPU
		{07E33192-8CCF-4D8D-8FC3-1E58AD5B1E11}.Debug_Sqlite|ARM.Build.0 = Debug_Sqlite|Any CPU
		{07E33192-8CCF-4D8D-8FC3-1E58AD5B1E11}.Debug_Sqlite|ARM64.ActiveCfg = Debug_Sqlite|Any CPU
		{07E33192-8CCF-4D8D-8FC3-1E58AD5B1E11}.Debug_Sqlite|ARM64.Build.0 = Debug_Sqlite|Any CPU
		{07E33192-8CCF-4D8D-8FC3-1E58AD5B1E11}.Debug|Any CPU.ActiveCfg = Debug|Any CPU
		{07E33192-8CCF-4D8D-8FC3-1E58AD5B1E11}.Debug|Any CPU.Build.0 = Debug|Any CPU
		{07E33192-8CCF-4D8D-8FC3-1E58AD5B1E11}.Debug|ARM.ActiveCfg = Debug|Any CPU
		{07E33192-8CCF-4D8D-8FC3-1E58AD5B1E11}.Debug|ARM.Build.0 = Debug|Any CPU
		{07E33192-8CCF-4D8D-8FC3-1E58AD5B1E11}.Debug|ARM64.ActiveCfg = Debug|Any CPU
		{07E33192-8CCF-4D8D-8FC3-1E58AD5B1E11}.Debug|ARM64.Build.0 = Debug|Any CPU
		{07E33192-8CCF-4D8D-8FC3-1E58AD5B1E11}.Release|Any CPU.ActiveCfg = Release|Any CPU
		{07E33192-8CCF-4D8D-8FC3-1E58AD5B1E11}.Release|Any CPU.Build.0 = Release|Any CPU
		{07E33192-8CCF-4D8D-8FC3-1E58AD5B1E11}.Release|ARM.ActiveCfg = Release|Any CPU
		{07E33192-8CCF-4D8D-8FC3-1E58AD5B1E11}.Release|ARM.Build.0 = Release|Any CPU
		{07E33192-8CCF-4D8D-8FC3-1E58AD5B1E11}.Release|ARM64.ActiveCfg = Release|Any CPU
		{07E33192-8CCF-4D8D-8FC3-1E58AD5B1E11}.Release|ARM64.Build.0 = Release|Any CPU
		{68D127E8-5898-4012-89D9-10B3F343C5D4}.Debug_Sqlite|Any CPU.ActiveCfg = Debug_Sqlite|Any CPU
		{68D127E8-5898-4012-89D9-10B3F343C5D4}.Debug_Sqlite|Any CPU.Build.0 = Debug_Sqlite|Any CPU
		{68D127E8-5898-4012-89D9-10B3F343C5D4}.Debug_Sqlite|ARM.ActiveCfg = Debug_Sqlite|Any CPU
		{68D127E8-5898-4012-89D9-10B3F343C5D4}.Debug_Sqlite|ARM.Build.0 = Debug_Sqlite|Any CPU
		{68D127E8-5898-4012-89D9-10B3F343C5D4}.Debug_Sqlite|ARM64.ActiveCfg = Debug_Sqlite|Any CPU
		{68D127E8-5898-4012-89D9-10B3F343C5D4}.Debug_Sqlite|ARM64.Build.0 = Debug_Sqlite|Any CPU
		{68D127E8-5898-4012-89D9-10B3F343C5D4}.Debug|Any CPU.ActiveCfg = Debug|Any CPU
		{68D127E8-5898-4012-89D9-10B3F343C5D4}.Debug|Any CPU.Build.0 = Debug|Any CPU
		{68D127E8-5898-4012-89D9-10B3F343C5D4}.Debug|ARM.ActiveCfg = Debug|Any CPU
		{68D127E8-5898-4012-89D9-10B3F343C5D4}.Debug|ARM.Build.0 = Debug|Any CPU
		{68D127E8-5898-4012-89D9-10B3F343C5D4}.Debug|ARM64.ActiveCfg = Debug|Any CPU
		{68D127E8-5898-4012-89D9-10B3F343C5D4}.Debug|ARM64.Build.0 = Debug|Any CPU
		{68D127E8-5898-4012-89D9-10B3F343C5D4}.Release|Any CPU.ActiveCfg = Release|Any CPU
		{68D127E8-5898-4012-89D9-10B3F343C5D4}.Release|Any CPU.Build.0 = Release|Any CPU
		{68D127E8-5898-4012-89D9-10B3F343C5D4}.Release|ARM.ActiveCfg = Release|Any CPU
		{68D127E8-5898-4012-89D9-10B3F343C5D4}.Release|ARM.Build.0 = Release|Any CPU
		{68D127E8-5898-4012-89D9-10B3F343C5D4}.Release|ARM64.ActiveCfg = Release|Any CPU
		{68D127E8-5898-4012-89D9-10B3F343C5D4}.Release|ARM64.Build.0 = Release|Any CPU
		{2D36F733-6BE0-442F-847C-B7D6A8450963}.Debug_Sqlite|Any CPU.ActiveCfg = Debug_Sqlite|Any CPU
		{2D36F733-6BE0-442F-847C-B7D6A8450963}.Debug_Sqlite|Any CPU.Build.0 = Debug_Sqlite|Any CPU
		{2D36F733-6BE0-442F-847C-B7D6A8450963}.Debug_Sqlite|ARM.ActiveCfg = Debug_Sqlite|Any CPU
		{2D36F733-6BE0-442F-847C-B7D6A8450963}.Debug_Sqlite|ARM.Build.0 = Debug_Sqlite|Any CPU
		{2D36F733-6BE0-442F-847C-B7D6A8450963}.Debug_Sqlite|ARM64.ActiveCfg = Debug_Sqlite|Any CPU
		{2D36F733-6BE0-442F-847C-B7D6A8450963}.Debug_Sqlite|ARM64.Build.0 = Debug_Sqlite|Any CPU
		{2D36F733-6BE0-442F-847C-B7D6A8450963}.Debug|Any CPU.ActiveCfg = Debug|Any CPU
		{2D36F733-6BE0-442F-847C-B7D6A8450963}.Debug|Any CPU.Build.0 = Debug|Any CPU
		{2D36F733-6BE0-442F-847C-B7D6A8450963}.Debug|ARM.ActiveCfg = Debug|Any CPU
		{2D36F733-6BE0-442F-847C-B7D6A8450963}.Debug|ARM.Build.0 = Debug|Any CPU
		{2D36F733-6BE0-442F-847C-B7D6A8450963}.Debug|ARM64.ActiveCfg = Debug|Any CPU
		{2D36F733-6BE0-442F-847C-B7D6A8450963}.Debug|ARM64.Build.0 = Debug|Any CPU
		{2D36F733-6BE0-442F-847C-B7D6A8450963}.Release|Any CPU.ActiveCfg = Release|Any CPU
		{2D36F733-6BE0-442F-847C-B7D6A8450963}.Release|Any CPU.Build.0 = Release|Any CPU
		{2D36F733-6BE0-442F-847C-B7D6A8450963}.Release|ARM.ActiveCfg = Release|Any CPU
		{2D36F733-6BE0-442F-847C-B7D6A8450963}.Release|ARM.Build.0 = Release|Any CPU
		{2D36F733-6BE0-442F-847C-B7D6A8450963}.Release|ARM64.ActiveCfg = Release|Any CPU
		{2D36F733-6BE0-442F-847C-B7D6A8450963}.Release|ARM64.Build.0 = Release|Any CPU
		{AC6E3937-13B8-48BB-AB60-7CDED4148F12}.Debug_Sqlite|Any CPU.ActiveCfg = Debug_Sqlite|Any CPU
		{AC6E3937-13B8-48BB-AB60-7CDED4148F12}.Debug_Sqlite|Any CPU.Build.0 = Debug_Sqlite|Any CPU
		{AC6E3937-13B8-48BB-AB60-7CDED4148F12}.Debug_Sqlite|ARM.ActiveCfg = Debug_Sqlite|Any CPU
		{AC6E3937-13B8-48BB-AB60-7CDED4148F12}.Debug_Sqlite|ARM.Build.0 = Debug_Sqlite|Any CPU
		{AC6E3937-13B8-48BB-AB60-7CDED4148F12}.Debug_Sqlite|ARM64.ActiveCfg = Debug_Sqlite|Any CPU
		{AC6E3937-13B8-48BB-AB60-7CDED4148F12}.Debug_Sqlite|ARM64.Build.0 = Debug_Sqlite|Any CPU
		{AC6E3937-13B8-48BB-AB60-7CDED4148F12}.Debug|Any CPU.ActiveCfg = Debug|Any CPU
		{AC6E3937-13B8-48BB-AB60-7CDED4148F12}.Debug|Any CPU.Build.0 = Debug|Any CPU
		{AC6E3937-13B8-48BB-AB60-7CDED4148F12}.Debug|ARM.ActiveCfg = Debug|Any CPU
		{AC6E3937-13B8-48BB-AB60-7CDED4148F12}.Debug|ARM.Build.0 = Debug|Any CPU
		{AC6E3937-13B8-48BB-AB60-7CDED4148F12}.Debug|ARM64.ActiveCfg = Debug|Any CPU
		{AC6E3937-13B8-48BB-AB60-7CDED4148F12}.Debug|ARM64.Build.0 = Debug|Any CPU
		{AC6E3937-13B8-48BB-AB60-7CDED4148F12}.Release|Any CPU.ActiveCfg = Release|Any CPU
		{AC6E3937-13B8-48BB-AB60-7CDED4148F12}.Release|Any CPU.Build.0 = Release|Any CPU
		{AC6E3937-13B8-48BB-AB60-7CDED4148F12}.Release|ARM.ActiveCfg = Release|Any CPU
		{AC6E3937-13B8-48BB-AB60-7CDED4148F12}.Release|ARM.Build.0 = Release|Any CPU
		{AC6E3937-13B8-48BB-AB60-7CDED4148F12}.Release|ARM64.ActiveCfg = Release|Any CPU
		{AC6E3937-13B8-48BB-AB60-7CDED4148F12}.Release|ARM64.Build.0 = Release|Any CPU
		{9FF210CA-DA69-4543-9E8A-996BEE0BC7D7}.Debug_Sqlite|Any CPU.ActiveCfg = Debug_Sqlite|Any CPU
		{9FF210CA-DA69-4543-9E8A-996BEE0BC7D7}.Debug_Sqlite|Any CPU.Build.0 = Debug_Sqlite|Any CPU
		{9FF210CA-DA69-4543-9E8A-996BEE0BC7D7}.Debug_Sqlite|ARM.ActiveCfg = Debug_Sqlite|Any CPU
		{9FF210CA-DA69-4543-9E8A-996BEE0BC7D7}.Debug_Sqlite|ARM.Build.0 = Debug_Sqlite|Any CPU
		{9FF210CA-DA69-4543-9E8A-996BEE0BC7D7}.Debug_Sqlite|ARM64.ActiveCfg = Debug_Sqlite|Any CPU
		{9FF210CA-DA69-4543-9E8A-996BEE0BC7D7}.Debug_Sqlite|ARM64.Build.0 = Debug_Sqlite|Any CPU
		{9FF210CA-DA69-4543-9E8A-996BEE0BC7D7}.Debug|Any CPU.ActiveCfg = Debug|Any CPU
		{9FF210CA-DA69-4543-9E8A-996BEE0BC7D7}.Debug|Any CPU.Build.0 = Debug|Any CPU
		{9FF210CA-DA69-4543-9E8A-996BEE0BC7D7}.Debug|ARM.ActiveCfg = Debug|Any CPU
		{9FF210CA-DA69-4543-9E8A-996BEE0BC7D7}.Debug|ARM.Build.0 = Debug|Any CPU
		{9FF210CA-DA69-4543-9E8A-996BEE0BC7D7}.Debug|ARM64.ActiveCfg = Debug|Any CPU
		{9FF210CA-DA69-4543-9E8A-996BEE0BC7D7}.Debug|ARM64.Build.0 = Debug|Any CPU
		{9FF210CA-DA69-4543-9E8A-996BEE0BC7D7}.Release|Any CPU.ActiveCfg = Release|Any CPU
		{9FF210CA-DA69-4543-9E8A-996BEE0BC7D7}.Release|Any CPU.Build.0 = Release|Any CPU
		{9FF210CA-DA69-4543-9E8A-996BEE0BC7D7}.Release|ARM.ActiveCfg = Release|Any CPU
		{9FF210CA-DA69-4543-9E8A-996BEE0BC7D7}.Release|ARM.Build.0 = Release|Any CPU
		{9FF210CA-DA69-4543-9E8A-996BEE0BC7D7}.Release|ARM64.ActiveCfg = Release|Any CPU
		{9FF210CA-DA69-4543-9E8A-996BEE0BC7D7}.Release|ARM64.Build.0 = Release|Any CPU
		{C5A42C53-5261-4A8F-B915-9B799857569B}.Debug_Sqlite|Any CPU.ActiveCfg = Debug_Sqlite|Any CPU
		{C5A42C53-5261-4A8F-B915-9B799857569B}.Debug_Sqlite|Any CPU.Build.0 = Debug_Sqlite|Any CPU
		{C5A42C53-5261-4A8F-B915-9B799857569B}.Debug_Sqlite|ARM.ActiveCfg = Debug_Sqlite|Any CPU
		{C5A42C53-5261-4A8F-B915-9B799857569B}.Debug_Sqlite|ARM.Build.0 = Debug_Sqlite|Any CPU
		{C5A42C53-5261-4A8F-B915-9B799857569B}.Debug_Sqlite|ARM64.ActiveCfg = Debug_Sqlite|Any CPU
		{C5A42C53-5261-4A8F-B915-9B799857569B}.Debug_Sqlite|ARM64.Build.0 = Debug_Sqlite|Any CPU
		{C5A42C53-5261-4A8F-B915-9B799857569B}.Debug|Any CPU.ActiveCfg = Debug|Any CPU
		{C5A42C53-5261-4A8F-B915-9B799857569B}.Debug|Any CPU.Build.0 = Debug|Any CPU
		{C5A42C53-5261-4A8F-B915-9B799857569B}.Debug|ARM.ActiveCfg = Debug|Any CPU
		{C5A42C53-5261-4A8F-B915-9B799857569B}.Debug|ARM.Build.0 = Debug|Any CPU
		{C5A42C53-5261-4A8F-B915-9B799857569B}.Debug|ARM64.ActiveCfg = Debug|Any CPU
		{C5A42C53-5261-4A8F-B915-9B799857569B}.Debug|ARM64.Build.0 = Debug|Any CPU
		{C5A42C53-5261-4A8F-B915-9B799857569B}.Release|Any CPU.ActiveCfg = Release|Any CPU
		{C5A42C53-5261-4A8F-B915-9B799857569B}.Release|Any CPU.Build.0 = Release|Any CPU
		{C5A42C53-5261-4A8F-B915-9B799857569B}.Release|ARM.ActiveCfg = Release|Any CPU
		{C5A42C53-5261-4A8F-B915-9B799857569B}.Release|ARM.Build.0 = Release|Any CPU
		{C5A42C53-5261-4A8F-B915-9B799857569B}.Release|ARM64.ActiveCfg = Release|Any CPU
		{C5A42C53-5261-4A8F-B915-9B799857569B}.Release|ARM64.Build.0 = Release|Any CPU
		{8338B364-D13A-4743-94CD-6552ED1AFEDD}.Debug_Sqlite|Any CPU.ActiveCfg = Debug_Sqlite|Any CPU
		{8338B364-D13A-4743-94CD-6552ED1AFEDD}.Debug_Sqlite|Any CPU.Build.0 = Debug_Sqlite|Any CPU
		{8338B364-D13A-4743-94CD-6552ED1AFEDD}.Debug_Sqlite|ARM.ActiveCfg = Debug_Sqlite|Any CPU
		{8338B364-D13A-4743-94CD-6552ED1AFEDD}.Debug_Sqlite|ARM.Build.0 = Debug_Sqlite|Any CPU
		{8338B364-D13A-4743-94CD-6552ED1AFEDD}.Debug_Sqlite|ARM64.ActiveCfg = Debug_Sqlite|Any CPU
		{8338B364-D13A-4743-94CD-6552ED1AFEDD}.Debug_Sqlite|ARM64.Build.0 = Debug_Sqlite|Any CPU
		{8338B364-D13A-4743-94CD-6552ED1AFEDD}.Debug|Any CPU.ActiveCfg = Debug|Any CPU
		{8338B364-D13A-4743-94CD-6552ED1AFEDD}.Debug|Any CPU.Build.0 = Debug|Any CPU
		{8338B364-D13A-4743-94CD-6552ED1AFEDD}.Debug|ARM.ActiveCfg = Debug|Any CPU
		{8338B364-D13A-4743-94CD-6552ED1AFEDD}.Debug|ARM.Build.0 = Debug|Any CPU
		{8338B364-D13A-4743-94CD-6552ED1AFEDD}.Debug|ARM64.ActiveCfg = Debug|Any CPU
		{8338B364-D13A-4743-94CD-6552ED1AFEDD}.Debug|ARM64.Build.0 = Debug|Any CPU
		{8338B364-D13A-4743-94CD-6552ED1AFEDD}.Release|Any CPU.ActiveCfg = Release|Any CPU
		{8338B364-D13A-4743-94CD-6552ED1AFEDD}.Release|Any CPU.Build.0 = Release|Any CPU
		{8338B364-D13A-4743-94CD-6552ED1AFEDD}.Release|ARM.ActiveCfg = Release|Any CPU
		{8338B364-D13A-4743-94CD-6552ED1AFEDD}.Release|ARM.Build.0 = Release|Any CPU
		{8338B364-D13A-4743-94CD-6552ED1AFEDD}.Release|ARM64.ActiveCfg = Release|Any CPU
		{8338B364-D13A-4743-94CD-6552ED1AFEDD}.Release|ARM64.Build.0 = Release|Any CPU
		{35BDADE2-44A0-4D84-BF1E-88DE420739F2}.Debug_Sqlite|Any CPU.ActiveCfg = Debug_Sqlite|Any CPU
		{35BDADE2-44A0-4D84-BF1E-88DE420739F2}.Debug_Sqlite|Any CPU.Build.0 = Debug_Sqlite|Any CPU
		{35BDADE2-44A0-4D84-BF1E-88DE420739F2}.Debug_Sqlite|ARM.ActiveCfg = Debug_Sqlite|Any CPU
		{35BDADE2-44A0-4D84-BF1E-88DE420739F2}.Debug_Sqlite|ARM.Build.0 = Debug_Sqlite|Any CPU
		{35BDADE2-44A0-4D84-BF1E-88DE420739F2}.Debug_Sqlite|ARM64.ActiveCfg = Debug_Sqlite|Any CPU
		{35BDADE2-44A0-4D84-BF1E-88DE420739F2}.Debug_Sqlite|ARM64.Build.0 = Debug_Sqlite|Any CPU
		{35BDADE2-44A0-4D84-BF1E-88DE420739F2}.Debug|Any CPU.ActiveCfg = Debug|Any CPU
		{35BDADE2-44A0-4D84-BF1E-88DE420739F2}.Debug|Any CPU.Build.0 = Debug|Any CPU
		{35BDADE2-44A0-4D84-BF1E-88DE420739F2}.Debug|ARM.ActiveCfg = Debug|Any CPU
		{35BDADE2-44A0-4D84-BF1E-88DE420739F2}.Debug|ARM.Build.0 = Debug|Any CPU
		{35BDADE2-44A0-4D84-BF1E-88DE420739F2}.Debug|ARM64.ActiveCfg = Debug|Any CPU
		{35BDADE2-44A0-4D84-BF1E-88DE420739F2}.Debug|ARM64.Build.0 = Debug|Any CPU
		{35BDADE2-44A0-4D84-BF1E-88DE420739F2}.Release|Any CPU.ActiveCfg = Release|Any CPU
		{35BDADE2-44A0-4D84-BF1E-88DE420739F2}.Release|Any CPU.Build.0 = Release|Any CPU
		{35BDADE2-44A0-4D84-BF1E-88DE420739F2}.Release|ARM.ActiveCfg = Release|Any CPU
		{35BDADE2-44A0-4D84-BF1E-88DE420739F2}.Release|ARM.Build.0 = Release|Any CPU
		{35BDADE2-44A0-4D84-BF1E-88DE420739F2}.Release|ARM64.ActiveCfg = Release|Any CPU
		{35BDADE2-44A0-4D84-BF1E-88DE420739F2}.Release|ARM64.Build.0 = Release|Any CPU
		{D761FCBB-2BB4-4F8E-8503-1E2992D1D185}.Debug_Sqlite|Any CPU.ActiveCfg = Debug_Sqlite|Any CPU
		{D761FCBB-2BB4-4F8E-8503-1E2992D1D185}.Debug_Sqlite|Any CPU.Build.0 = Debug_Sqlite|Any CPU
		{D761FCBB-2BB4-4F8E-8503-1E2992D1D185}.Debug_Sqlite|ARM.ActiveCfg = Debug_Sqlite|Any CPU
		{D761FCBB-2BB4-4F8E-8503-1E2992D1D185}.Debug_Sqlite|ARM.Build.0 = Debug_Sqlite|Any CPU
		{D761FCBB-2BB4-4F8E-8503-1E2992D1D185}.Debug_Sqlite|ARM64.ActiveCfg = Debug_Sqlite|Any CPU
		{D761FCBB-2BB4-4F8E-8503-1E2992D1D185}.Debug_Sqlite|ARM64.Build.0 = Debug_Sqlite|Any CPU
		{D761FCBB-2BB4-4F8E-8503-1E2992D1D185}.Debug|Any CPU.ActiveCfg = Debug|Any CPU
		{D761FCBB-2BB4-4F8E-8503-1E2992D1D185}.Debug|Any CPU.Build.0 = Debug|Any CPU
		{D761FCBB-2BB4-4F8E-8503-1E2992D1D185}.Debug|ARM.ActiveCfg = Debug|Any CPU
		{D761FCBB-2BB4-4F8E-8503-1E2992D1D185}.Debug|ARM.Build.0 = Debug|Any CPU
		{D761FCBB-2BB4-4F8E-8503-1E2992D1D185}.Debug|ARM64.ActiveCfg = Debug|Any CPU
		{D761FCBB-2BB4-4F8E-8503-1E2992D1D185}.Debug|ARM64.Build.0 = Debug|Any CPU
		{D761FCBB-2BB4-4F8E-8503-1E2992D1D185}.Release|Any CPU.ActiveCfg = Release|Any CPU
		{D761FCBB-2BB4-4F8E-8503-1E2992D1D185}.Release|Any CPU.Build.0 = Release|Any CPU
		{D761FCBB-2BB4-4F8E-8503-1E2992D1D185}.Release|ARM.ActiveCfg = Release|Any CPU
		{D761FCBB-2BB4-4F8E-8503-1E2992D1D185}.Release|ARM.Build.0 = Release|Any CPU
		{D761FCBB-2BB4-4F8E-8503-1E2992D1D185}.Release|ARM64.ActiveCfg = Release|Any CPU
		{D761FCBB-2BB4-4F8E-8503-1E2992D1D185}.Release|ARM64.Build.0 = Release|Any CPU
		{448665FD-AD15-4DCE-8D02-83C74AF9BE13}.Debug_Sqlite|Any CPU.ActiveCfg = Debug_Sqlite|Any CPU
		{448665FD-AD15-4DCE-8D02-83C74AF9BE13}.Debug_Sqlite|Any CPU.Build.0 = Debug_Sqlite|Any CPU
		{448665FD-AD15-4DCE-8D02-83C74AF9BE13}.Debug_Sqlite|ARM.ActiveCfg = Debug_Sqlite|Any CPU
		{448665FD-AD15-4DCE-8D02-83C74AF9BE13}.Debug_Sqlite|ARM.Build.0 = Debug_Sqlite|Any CPU
		{448665FD-AD15-4DCE-8D02-83C74AF9BE13}.Debug_Sqlite|ARM64.ActiveCfg = Debug_Sqlite|Any CPU
		{448665FD-AD15-4DCE-8D02-83C74AF9BE13}.Debug_Sqlite|ARM64.Build.0 = Debug_Sqlite|Any CPU
		{448665FD-AD15-4DCE-8D02-83C74AF9BE13}.Debug|Any CPU.ActiveCfg = Debug|Any CPU
		{448665FD-AD15-4DCE-8D02-83C74AF9BE13}.Debug|Any CPU.Build.0 = Debug|Any CPU
		{448665FD-AD15-4DCE-8D02-83C74AF9BE13}.Debug|ARM.ActiveCfg = Debug|Any CPU
		{448665FD-AD15-4DCE-8D02-83C74AF9BE13}.Debug|ARM.Build.0 = Debug|Any CPU
		{448665FD-AD15-4DCE-8D02-83C74AF9BE13}.Debug|ARM64.ActiveCfg = Debug|Any CPU
		{448665FD-AD15-4DCE-8D02-83C74AF9BE13}.Debug|ARM64.Build.0 = Debug|Any CPU
		{448665FD-AD15-4DCE-8D02-83C74AF9BE13}.Release|Any CPU.ActiveCfg = Release|Any CPU
		{448665FD-AD15-4DCE-8D02-83C74AF9BE13}.Release|Any CPU.Build.0 = Release|Any CPU
		{448665FD-AD15-4DCE-8D02-83C74AF9BE13}.Release|ARM.ActiveCfg = Release|Any CPU
		{448665FD-AD15-4DCE-8D02-83C74AF9BE13}.Release|ARM.Build.0 = Release|Any CPU
		{448665FD-AD15-4DCE-8D02-83C74AF9BE13}.Release|ARM64.ActiveCfg = Release|Any CPU
		{448665FD-AD15-4DCE-8D02-83C74AF9BE13}.Release|ARM64.Build.0 = Release|Any CPU
		{EDDE518D-F130-4D33-93BA-EB8683D3A4B9}.Debug_Sqlite|Any CPU.ActiveCfg = Debug_Sqlite|Any CPU
		{EDDE518D-F130-4D33-93BA-EB8683D3A4B9}.Debug_Sqlite|Any CPU.Build.0 = Debug_Sqlite|Any CPU
		{EDDE518D-F130-4D33-93BA-EB8683D3A4B9}.Debug_Sqlite|ARM.ActiveCfg = Debug_Sqlite|Any CPU
		{EDDE518D-F130-4D33-93BA-EB8683D3A4B9}.Debug_Sqlite|ARM.Build.0 = Debug_Sqlite|Any CPU
		{EDDE518D-F130-4D33-93BA-EB8683D3A4B9}.Debug_Sqlite|ARM64.ActiveCfg = Debug_Sqlite|Any CPU
		{EDDE518D-F130-4D33-93BA-EB8683D3A4B9}.Debug_Sqlite|ARM64.Build.0 = Debug_Sqlite|Any CPU
		{EDDE518D-F130-4D33-93BA-EB8683D3A4B9}.Debug|Any CPU.ActiveCfg = Debug|Any CPU
		{EDDE518D-F130-4D33-93BA-EB8683D3A4B9}.Debug|Any CPU.Build.0 = Debug|Any CPU
		{EDDE518D-F130-4D33-93BA-EB8683D3A4B9}.Debug|ARM.ActiveCfg = Debug|Any CPU
		{EDDE518D-F130-4D33-93BA-EB8683D3A4B9}.Debug|ARM.Build.0 = Debug|Any CPU
		{EDDE518D-F130-4D33-93BA-EB8683D3A4B9}.Debug|ARM64.ActiveCfg = Debug|Any CPU
		{EDDE518D-F130-4D33-93BA-EB8683D3A4B9}.Debug|ARM64.Build.0 = Debug|Any CPU
		{EDDE518D-F130-4D33-93BA-EB8683D3A4B9}.Release|Any CPU.ActiveCfg = Release|Any CPU
		{EDDE518D-F130-4D33-93BA-EB8683D3A4B9}.Release|Any CPU.Build.0 = Release|Any CPU
		{EDDE518D-F130-4D33-93BA-EB8683D3A4B9}.Release|ARM.ActiveCfg = Release|Any CPU
		{EDDE518D-F130-4D33-93BA-EB8683D3A4B9}.Release|ARM.Build.0 = Release|Any CPU
		{EDDE518D-F130-4D33-93BA-EB8683D3A4B9}.Release|ARM64.ActiveCfg = Release|Any CPU
		{EDDE518D-F130-4D33-93BA-EB8683D3A4B9}.Release|ARM64.Build.0 = Release|Any CPU
		{657A6D63-09FD-4E90-9BCD-EB9A090D7F15}.Debug_Sqlite|Any CPU.ActiveCfg = Debug_Sqlite|Any CPU
		{657A6D63-09FD-4E90-9BCD-EB9A090D7F15}.Debug_Sqlite|Any CPU.Build.0 = Debug_Sqlite|Any CPU
		{657A6D63-09FD-4E90-9BCD-EB9A090D7F15}.Debug_Sqlite|ARM.ActiveCfg = Debug_Sqlite|Any CPU
		{657A6D63-09FD-4E90-9BCD-EB9A090D7F15}.Debug_Sqlite|ARM.Build.0 = Debug_Sqlite|Any CPU
		{657A6D63-09FD-4E90-9BCD-EB9A090D7F15}.Debug_Sqlite|ARM64.ActiveCfg = Debug_Sqlite|Any CPU
		{657A6D63-09FD-4E90-9BCD-EB9A090D7F15}.Debug_Sqlite|ARM64.Build.0 = Debug_Sqlite|Any CPU
		{657A6D63-09FD-4E90-9BCD-EB9A090D7F15}.Debug|Any CPU.ActiveCfg = Debug|Any CPU
		{657A6D63-09FD-4E90-9BCD-EB9A090D7F15}.Debug|Any CPU.Build.0 = Debug|Any CPU
		{657A6D63-09FD-4E90-9BCD-EB9A090D7F15}.Debug|ARM.ActiveCfg = Debug|Any CPU
		{657A6D63-09FD-4E90-9BCD-EB9A090D7F15}.Debug|ARM.Build.0 = Debug|Any CPU
		{657A6D63-09FD-4E90-9BCD-EB9A090D7F15}.Debug|ARM64.ActiveCfg = Debug|Any CPU
		{657A6D63-09FD-4E90-9BCD-EB9A090D7F15}.Debug|ARM64.Build.0 = Debug|Any CPU
		{657A6D63-09FD-4E90-9BCD-EB9A090D7F15}.Release|Any CPU.ActiveCfg = Release|Any CPU
		{657A6D63-09FD-4E90-9BCD-EB9A090D7F15}.Release|Any CPU.Build.0 = Release|Any CPU
		{657A6D63-09FD-4E90-9BCD-EB9A090D7F15}.Release|ARM.ActiveCfg = Release|Any CPU
		{657A6D63-09FD-4E90-9BCD-EB9A090D7F15}.Release|ARM.Build.0 = Release|Any CPU
		{657A6D63-09FD-4E90-9BCD-EB9A090D7F15}.Release|ARM64.ActiveCfg = Release|Any CPU
		{657A6D63-09FD-4E90-9BCD-EB9A090D7F15}.Release|ARM64.Build.0 = Release|Any CPU
		{62C7568B-250B-42D0-8177-06EC3DE368F2}.Debug_Sqlite|Any CPU.ActiveCfg = Debug_Sqlite|Any CPU
		{62C7568B-250B-42D0-8177-06EC3DE368F2}.Debug_Sqlite|Any CPU.Build.0 = Debug_Sqlite|Any CPU
		{62C7568B-250B-42D0-8177-06EC3DE368F2}.Debug_Sqlite|ARM.ActiveCfg = Debug_Sqlite|Any CPU
		{62C7568B-250B-42D0-8177-06EC3DE368F2}.Debug_Sqlite|ARM.Build.0 = Debug_Sqlite|Any CPU
		{62C7568B-250B-42D0-8177-06EC3DE368F2}.Debug_Sqlite|ARM64.ActiveCfg = Debug_Sqlite|Any CPU
		{62C7568B-250B-42D0-8177-06EC3DE368F2}.Debug_Sqlite|ARM64.Build.0 = Debug_Sqlite|Any CPU
		{62C7568B-250B-42D0-8177-06EC3DE368F2}.Debug|Any CPU.ActiveCfg = Debug|Any CPU
		{62C7568B-250B-42D0-8177-06EC3DE368F2}.Debug|Any CPU.Build.0 = Debug|Any CPU
		{62C7568B-250B-42D0-8177-06EC3DE368F2}.Debug|ARM.ActiveCfg = Debug|Any CPU
		{62C7568B-250B-42D0-8177-06EC3DE368F2}.Debug|ARM.Build.0 = Debug|Any CPU
		{62C7568B-250B-42D0-8177-06EC3DE368F2}.Debug|ARM64.ActiveCfg = Debug|Any CPU
		{62C7568B-250B-42D0-8177-06EC3DE368F2}.Debug|ARM64.Build.0 = Debug|Any CPU
		{62C7568B-250B-42D0-8177-06EC3DE368F2}.Release|Any CPU.ActiveCfg = Release|Any CPU
		{62C7568B-250B-42D0-8177-06EC3DE368F2}.Release|Any CPU.Build.0 = Release|Any CPU
		{62C7568B-250B-42D0-8177-06EC3DE368F2}.Release|ARM.ActiveCfg = Release|Any CPU
		{62C7568B-250B-42D0-8177-06EC3DE368F2}.Release|ARM.Build.0 = Release|Any CPU
		{62C7568B-250B-42D0-8177-06EC3DE368F2}.Release|ARM64.ActiveCfg = Release|Any CPU
		{62C7568B-250B-42D0-8177-06EC3DE368F2}.Release|ARM64.Build.0 = Release|Any CPU
		{A459E3EF-BE5D-468C-9E98-B6F08E9042F6}.Debug_Sqlite|Any CPU.ActiveCfg = Debug_Sqlite|Any CPU
		{A459E3EF-BE5D-468C-9E98-B6F08E9042F6}.Debug_Sqlite|Any CPU.Build.0 = Debug_Sqlite|Any CPU
		{A459E3EF-BE5D-468C-9E98-B6F08E9042F6}.Debug_Sqlite|ARM.ActiveCfg = Debug_Sqlite|Any CPU
		{A459E3EF-BE5D-468C-9E98-B6F08E9042F6}.Debug_Sqlite|ARM.Build.0 = Debug_Sqlite|Any CPU
		{A459E3EF-BE5D-468C-9E98-B6F08E9042F6}.Debug_Sqlite|ARM64.ActiveCfg = Debug_Sqlite|Any CPU
		{A459E3EF-BE5D-468C-9E98-B6F08E9042F6}.Debug_Sqlite|ARM64.Build.0 = Debug_Sqlite|Any CPU
		{A459E3EF-BE5D-468C-9E98-B6F08E9042F6}.Debug|Any CPU.ActiveCfg = Debug|Any CPU
		{A459E3EF-BE5D-468C-9E98-B6F08E9042F6}.Debug|Any CPU.Build.0 = Debug|Any CPU
		{A459E3EF-BE5D-468C-9E98-B6F08E9042F6}.Debug|ARM.ActiveCfg = Debug|Any CPU
		{A459E3EF-BE5D-468C-9E98-B6F08E9042F6}.Debug|ARM.Build.0 = Debug|Any CPU
		{A459E3EF-BE5D-468C-9E98-B6F08E9042F6}.Debug|ARM64.ActiveCfg = Debug|Any CPU
		{A459E3EF-BE5D-468C-9E98-B6F08E9042F6}.Debug|ARM64.Build.0 = Debug|Any CPU
		{A459E3EF-BE5D-468C-9E98-B6F08E9042F6}.Release|Any CPU.ActiveCfg = Release|Any CPU
		{A459E3EF-BE5D-468C-9E98-B6F08E9042F6}.Release|Any CPU.Build.0 = Release|Any CPU
		{A459E3EF-BE5D-468C-9E98-B6F08E9042F6}.Release|ARM.ActiveCfg = Release|Any CPU
		{A459E3EF-BE5D-468C-9E98-B6F08E9042F6}.Release|ARM.Build.0 = Release|Any CPU
		{A459E3EF-BE5D-468C-9E98-B6F08E9042F6}.Release|ARM64.ActiveCfg = Release|Any CPU
		{A459E3EF-BE5D-468C-9E98-B6F08E9042F6}.Release|ARM64.Build.0 = Release|Any CPU
		{0AB09416-0605-4AA0-895D-E1009EC8CCC2}.Debug_Sqlite|Any CPU.ActiveCfg = Debug_Sqlite|Any CPU
		{0AB09416-0605-4AA0-895D-E1009EC8CCC2}.Debug_Sqlite|Any CPU.Build.0 = Debug_Sqlite|Any CPU
		{0AB09416-0605-4AA0-895D-E1009EC8CCC2}.Debug_Sqlite|ARM.ActiveCfg = Debug_Sqlite|Any CPU
		{0AB09416-0605-4AA0-895D-E1009EC8CCC2}.Debug_Sqlite|ARM.Build.0 = Debug_Sqlite|Any CPU
		{0AB09416-0605-4AA0-895D-E1009EC8CCC2}.Debug_Sqlite|ARM64.ActiveCfg = Debug_Sqlite|Any CPU
		{0AB09416-0605-4AA0-895D-E1009EC8CCC2}.Debug_Sqlite|ARM64.Build.0 = Debug_Sqlite|Any CPU
		{0AB09416-0605-4AA0-895D-E1009EC8CCC2}.Debug|Any CPU.ActiveCfg = Debug|Any CPU
		{0AB09416-0605-4AA0-895D-E1009EC8CCC2}.Debug|Any CPU.Build.0 = Debug|Any CPU
		{0AB09416-0605-4AA0-895D-E1009EC8CCC2}.Debug|ARM.ActiveCfg = Debug|Any CPU
		{0AB09416-0605-4AA0-895D-E1009EC8CCC2}.Debug|ARM.Build.0 = Debug|Any CPU
		{0AB09416-0605-4AA0-895D-E1009EC8CCC2}.Debug|ARM64.ActiveCfg = Debug|Any CPU
		{0AB09416-0605-4AA0-895D-E1009EC8CCC2}.Debug|ARM64.Build.0 = Debug|Any CPU
		{0AB09416-0605-4AA0-895D-E1009EC8CCC2}.Release|Any CPU.ActiveCfg = Release|Any CPU
		{0AB09416-0605-4AA0-895D-E1009EC8CCC2}.Release|Any CPU.Build.0 = Release|Any CPU
		{0AB09416-0605-4AA0-895D-E1009EC8CCC2}.Release|ARM.ActiveCfg = Release|Any CPU
		{0AB09416-0605-4AA0-895D-E1009EC8CCC2}.Release|ARM.Build.0 = Release|Any CPU
		{0AB09416-0605-4AA0-895D-E1009EC8CCC2}.Release|ARM64.ActiveCfg = Release|Any CPU
		{0AB09416-0605-4AA0-895D-E1009EC8CCC2}.Release|ARM64.Build.0 = Release|Any CPU
		{9D8B0D19-4DB9-4883-A4A0-B18132B3E562}.Debug_Sqlite|Any CPU.ActiveCfg = Debug_Sqlite|Any CPU
		{9D8B0D19-4DB9-4883-A4A0-B18132B3E562}.Debug_Sqlite|Any CPU.Build.0 = Debug_Sqlite|Any CPU
		{9D8B0D19-4DB9-4883-A4A0-B18132B3E562}.Debug_Sqlite|ARM.ActiveCfg = Debug_Sqlite|Any CPU
		{9D8B0D19-4DB9-4883-A4A0-B18132B3E562}.Debug_Sqlite|ARM.Build.0 = Debug_Sqlite|Any CPU
		{9D8B0D19-4DB9-4883-A4A0-B18132B3E562}.Debug_Sqlite|ARM64.ActiveCfg = Debug_Sqlite|Any CPU
		{9D8B0D19-4DB9-4883-A4A0-B18132B3E562}.Debug_Sqlite|ARM64.Build.0 = Debug_Sqlite|Any CPU
		{9D8B0D19-4DB9-4883-A4A0-B18132B3E562}.Debug|Any CPU.ActiveCfg = Debug|Any CPU
		{9D8B0D19-4DB9-4883-A4A0-B18132B3E562}.Debug|Any CPU.Build.0 = Debug|Any CPU
		{9D8B0D19-4DB9-4883-A4A0-B18132B3E562}.Debug|ARM.ActiveCfg = Debug|Any CPU
		{9D8B0D19-4DB9-4883-A4A0-B18132B3E562}.Debug|ARM.Build.0 = Debug|Any CPU
		{9D8B0D19-4DB9-4883-A4A0-B18132B3E562}.Debug|ARM64.ActiveCfg = Debug|Any CPU
		{9D8B0D19-4DB9-4883-A4A0-B18132B3E562}.Debug|ARM64.Build.0 = Debug|Any CPU
		{9D8B0D19-4DB9-4883-A4A0-B18132B3E562}.Release|Any CPU.ActiveCfg = Release|Any CPU
		{9D8B0D19-4DB9-4883-A4A0-B18132B3E562}.Release|Any CPU.Build.0 = Release|Any CPU
		{9D8B0D19-4DB9-4883-A4A0-B18132B3E562}.Release|ARM.ActiveCfg = Release|Any CPU
		{9D8B0D19-4DB9-4883-A4A0-B18132B3E562}.Release|ARM.Build.0 = Release|Any CPU
		{9D8B0D19-4DB9-4883-A4A0-B18132B3E562}.Release|ARM64.ActiveCfg = Release|Any CPU
		{9D8B0D19-4DB9-4883-A4A0-B18132B3E562}.Release|ARM64.Build.0 = Release|Any CPU
		{6563D92E-30D8-4A4B-8625-A4FE0397884B}.Debug_Sqlite|Any CPU.ActiveCfg = Debug_Sqlite|Any CPU
		{6563D92E-30D8-4A4B-8625-A4FE0397884B}.Debug_Sqlite|Any CPU.Build.0 = Debug_Sqlite|Any CPU
		{6563D92E-30D8-4A4B-8625-A4FE0397884B}.Debug_Sqlite|ARM.ActiveCfg = Debug_Sqlite|Any CPU
		{6563D92E-30D8-4A4B-8625-A4FE0397884B}.Debug_Sqlite|ARM.Build.0 = Debug_Sqlite|Any CPU
		{6563D92E-30D8-4A4B-8625-A4FE0397884B}.Debug_Sqlite|ARM64.ActiveCfg = Debug_Sqlite|Any CPU
		{6563D92E-30D8-4A4B-8625-A4FE0397884B}.Debug_Sqlite|ARM64.Build.0 = Debug_Sqlite|Any CPU
		{6563D92E-30D8-4A4B-8625-A4FE0397884B}.Debug|Any CPU.ActiveCfg = Debug|Any CPU
		{6563D92E-30D8-4A4B-8625-A4FE0397884B}.Debug|Any CPU.Build.0 = Debug|Any CPU
		{6563D92E-30D8-4A4B-8625-A4FE0397884B}.Debug|ARM.ActiveCfg = Debug|Any CPU
		{6563D92E-30D8-4A4B-8625-A4FE0397884B}.Debug|ARM.Build.0 = Debug|Any CPU
		{6563D92E-30D8-4A4B-8625-A4FE0397884B}.Debug|ARM64.ActiveCfg = Debug|Any CPU
		{6563D92E-30D8-4A4B-8625-A4FE0397884B}.Debug|ARM64.Build.0 = Debug|Any CPU
		{6563D92E-30D8-4A4B-8625-A4FE0397884B}.Release|Any CPU.ActiveCfg = Release|Any CPU
		{6563D92E-30D8-4A4B-8625-A4FE0397884B}.Release|Any CPU.Build.0 = Release|Any CPU
		{6563D92E-30D8-4A4B-8625-A4FE0397884B}.Release|ARM.ActiveCfg = Release|Any CPU
		{6563D92E-30D8-4A4B-8625-A4FE0397884B}.Release|ARM.Build.0 = Release|Any CPU
		{6563D92E-30D8-4A4B-8625-A4FE0397884B}.Release|ARM64.ActiveCfg = Release|Any CPU
		{6563D92E-30D8-4A4B-8625-A4FE0397884B}.Release|ARM64.Build.0 = Release|Any CPU
		{27AA007B-5D33-4D28-A787-F9E535DC6FC8}.Debug_Sqlite|Any CPU.ActiveCfg = Debug_Sqlite|Any CPU
		{27AA007B-5D33-4D28-A787-F9E535DC6FC8}.Debug_Sqlite|Any CPU.Build.0 = Debug_Sqlite|Any CPU
		{27AA007B-5D33-4D28-A787-F9E535DC6FC8}.Debug_Sqlite|ARM.ActiveCfg = Debug_Sqlite|Any CPU
		{27AA007B-5D33-4D28-A787-F9E535DC6FC8}.Debug_Sqlite|ARM.Build.0 = Debug_Sqlite|Any CPU
		{27AA007B-5D33-4D28-A787-F9E535DC6FC8}.Debug_Sqlite|ARM64.ActiveCfg = Debug_Sqlite|Any CPU
		{27AA007B-5D33-4D28-A787-F9E535DC6FC8}.Debug_Sqlite|ARM64.Build.0 = Debug_Sqlite|Any CPU
		{27AA007B-5D33-4D28-A787-F9E535DC6FC8}.Debug|Any CPU.ActiveCfg = Debug|Any CPU
		{27AA007B-5D33-4D28-A787-F9E535DC6FC8}.Debug|Any CPU.Build.0 = Debug|Any CPU
		{27AA007B-5D33-4D28-A787-F9E535DC6FC8}.Debug|ARM.ActiveCfg = Debug|Any CPU
		{27AA007B-5D33-4D28-A787-F9E535DC6FC8}.Debug|ARM.Build.0 = Debug|Any CPU
		{27AA007B-5D33-4D28-A787-F9E535DC6FC8}.Debug|ARM64.ActiveCfg = Debug|Any CPU
		{27AA007B-5D33-4D28-A787-F9E535DC6FC8}.Debug|ARM64.Build.0 = Debug|Any CPU
		{27AA007B-5D33-4D28-A787-F9E535DC6FC8}.Release|Any CPU.ActiveCfg = Release|Any CPU
		{27AA007B-5D33-4D28-A787-F9E535DC6FC8}.Release|Any CPU.Build.0 = Release|Any CPU
		{27AA007B-5D33-4D28-A787-F9E535DC6FC8}.Release|ARM.ActiveCfg = Release|Any CPU
		{27AA007B-5D33-4D28-A787-F9E535DC6FC8}.Release|ARM.Build.0 = Release|Any CPU
		{27AA007B-5D33-4D28-A787-F9E535DC6FC8}.Release|ARM64.ActiveCfg = Release|Any CPU
		{27AA007B-5D33-4D28-A787-F9E535DC6FC8}.Release|ARM64.Build.0 = Release|Any CPU
		{494004E5-8715-413D-825C-B723283F4E45}.Debug_Sqlite|Any CPU.ActiveCfg = Debug_Sqlite|Any CPU
		{494004E5-8715-413D-825C-B723283F4E45}.Debug_Sqlite|Any CPU.Build.0 = Debug_Sqlite|Any CPU
		{494004E5-8715-413D-825C-B723283F4E45}.Debug_Sqlite|ARM.ActiveCfg = Debug_Sqlite|Any CPU
		{494004E5-8715-413D-825C-B723283F4E45}.Debug_Sqlite|ARM.Build.0 = Debug_Sqlite|Any CPU
		{494004E5-8715-413D-825C-B723283F4E45}.Debug_Sqlite|ARM64.ActiveCfg = Debug_Sqlite|Any CPU
		{494004E5-8715-413D-825C-B723283F4E45}.Debug_Sqlite|ARM64.Build.0 = Debug_Sqlite|Any CPU
		{494004E5-8715-413D-825C-B723283F4E45}.Debug|Any CPU.ActiveCfg = Debug|Any CPU
		{494004E5-8715-413D-825C-B723283F4E45}.Debug|Any CPU.Build.0 = Debug|Any CPU
		{494004E5-8715-413D-825C-B723283F4E45}.Debug|ARM.ActiveCfg = Debug|Any CPU
		{494004E5-8715-413D-825C-B723283F4E45}.Debug|ARM.Build.0 = Debug|Any CPU
		{494004E5-8715-413D-825C-B723283F4E45}.Debug|ARM64.ActiveCfg = Debug|Any CPU
		{494004E5-8715-413D-825C-B723283F4E45}.Debug|ARM64.Build.0 = Debug|Any CPU
		{494004E5-8715-413D-825C-B723283F4E45}.Release|Any CPU.ActiveCfg = Release|Any CPU
		{494004E5-8715-413D-825C-B723283F4E45}.Release|Any CPU.Build.0 = Release|Any CPU
		{494004E5-8715-413D-825C-B723283F4E45}.Release|ARM.ActiveCfg = Release|Any CPU
		{494004E5-8715-413D-825C-B723283F4E45}.Release|ARM.Build.0 = Release|Any CPU
		{494004E5-8715-413D-825C-B723283F4E45}.Release|ARM64.ActiveCfg = Release|Any CPU
		{494004E5-8715-413D-825C-B723283F4E45}.Release|ARM64.Build.0 = Release|Any CPU
		{297C014A-0BDE-47E5-9859-3168C71079F3}.Debug_Sqlite|Any CPU.ActiveCfg = Debug_Sqlite|Any CPU
		{297C014A-0BDE-47E5-9859-3168C71079F3}.Debug_Sqlite|Any CPU.Build.0 = Debug_Sqlite|Any CPU
		{297C014A-0BDE-47E5-9859-3168C71079F3}.Debug_Sqlite|ARM.ActiveCfg = Debug_Sqlite|Any CPU
		{297C014A-0BDE-47E5-9859-3168C71079F3}.Debug_Sqlite|ARM.Build.0 = Debug_Sqlite|Any CPU
		{297C014A-0BDE-47E5-9859-3168C71079F3}.Debug_Sqlite|ARM64.ActiveCfg = Debug_Sqlite|Any CPU
		{297C014A-0BDE-47E5-9859-3168C71079F3}.Debug_Sqlite|ARM64.Build.0 = Debug_Sqlite|Any CPU
		{297C014A-0BDE-47E5-9859-3168C71079F3}.Debug|Any CPU.ActiveCfg = Debug|Any CPU
		{297C014A-0BDE-47E5-9859-3168C71079F3}.Debug|Any CPU.Build.0 = Debug|Any CPU
		{297C014A-0BDE-47E5-9859-3168C71079F3}.Debug|ARM.ActiveCfg = Debug|Any CPU
		{297C014A-0BDE-47E5-9859-3168C71079F3}.Debug|ARM.Build.0 = Debug|Any CPU
		{297C014A-0BDE-47E5-9859-3168C71079F3}.Debug|ARM64.ActiveCfg = Debug|Any CPU
		{297C014A-0BDE-47E5-9859-3168C71079F3}.Debug|ARM64.Build.0 = Debug|Any CPU
		{297C014A-0BDE-47E5-9859-3168C71079F3}.Release|Any CPU.ActiveCfg = Release|Any CPU
		{297C014A-0BDE-47E5-9859-3168C71079F3}.Release|Any CPU.Build.0 = Release|Any CPU
		{297C014A-0BDE-47E5-9859-3168C71079F3}.Release|ARM.ActiveCfg = Release|Any CPU
		{297C014A-0BDE-47E5-9859-3168C71079F3}.Release|ARM.Build.0 = Release|Any CPU
		{297C014A-0BDE-47E5-9859-3168C71079F3}.Release|ARM64.ActiveCfg = Release|Any CPU
		{297C014A-0BDE-47E5-9859-3168C71079F3}.Release|ARM64.Build.0 = Release|Any CPU
		{F544CF2B-FF05-42F6-ADFE-9BF0F73C3C08}.Debug_Sqlite|Any CPU.ActiveCfg = Debug_Sqlite|Any CPU
		{F544CF2B-FF05-42F6-ADFE-9BF0F73C3C08}.Debug_Sqlite|Any CPU.Build.0 = Debug_Sqlite|Any CPU
		{F544CF2B-FF05-42F6-ADFE-9BF0F73C3C08}.Debug_Sqlite|ARM.ActiveCfg = Debug_Sqlite|Any CPU
		{F544CF2B-FF05-42F6-ADFE-9BF0F73C3C08}.Debug_Sqlite|ARM.Build.0 = Debug_Sqlite|Any CPU
		{F544CF2B-FF05-42F6-ADFE-9BF0F73C3C08}.Debug_Sqlite|ARM64.ActiveCfg = Debug_Sqlite|Any CPU
		{F544CF2B-FF05-42F6-ADFE-9BF0F73C3C08}.Debug_Sqlite|ARM64.Build.0 = Debug_Sqlite|Any CPU
		{F544CF2B-FF05-42F6-ADFE-9BF0F73C3C08}.Debug|Any CPU.ActiveCfg = Debug|Any CPU
		{F544CF2B-FF05-42F6-ADFE-9BF0F73C3C08}.Debug|Any CPU.Build.0 = Debug|Any CPU
		{F544CF2B-FF05-42F6-ADFE-9BF0F73C3C08}.Debug|ARM.ActiveCfg = Debug|Any CPU
		{F544CF2B-FF05-42F6-ADFE-9BF0F73C3C08}.Debug|ARM.Build.0 = Debug|Any CPU
		{F544CF2B-FF05-42F6-ADFE-9BF0F73C3C08}.Debug|ARM64.ActiveCfg = Debug|Any CPU
		{F544CF2B-FF05-42F6-ADFE-9BF0F73C3C08}.Debug|ARM64.Build.0 = Debug|Any CPU
		{F544CF2B-FF05-42F6-ADFE-9BF0F73C3C08}.Release|Any CPU.ActiveCfg = Release|Any CPU
		{F544CF2B-FF05-42F6-ADFE-9BF0F73C3C08}.Release|Any CPU.Build.0 = Release|Any CPU
		{F544CF2B-FF05-42F6-ADFE-9BF0F73C3C08}.Release|ARM.ActiveCfg = Release|Any CPU
		{F544CF2B-FF05-42F6-ADFE-9BF0F73C3C08}.Release|ARM.Build.0 = Release|Any CPU
		{F544CF2B-FF05-42F6-ADFE-9BF0F73C3C08}.Release|ARM64.ActiveCfg = Release|Any CPU
		{F544CF2B-FF05-42F6-ADFE-9BF0F73C3C08}.Release|ARM64.Build.0 = Release|Any CPU
		{549DFF7A-B979-44D2-A57F-FE9ECD8CBD72}.Debug_Sqlite|Any CPU.ActiveCfg = Debug_Sqlite|Any CPU
		{549DFF7A-B979-44D2-A57F-FE9ECD8CBD72}.Debug_Sqlite|Any CPU.Build.0 = Debug_Sqlite|Any CPU
		{549DFF7A-B979-44D2-A57F-FE9ECD8CBD72}.Debug_Sqlite|ARM.ActiveCfg = Debug_Sqlite|Any CPU
		{549DFF7A-B979-44D2-A57F-FE9ECD8CBD72}.Debug_Sqlite|ARM.Build.0 = Debug_Sqlite|Any CPU
		{549DFF7A-B979-44D2-A57F-FE9ECD8CBD72}.Debug_Sqlite|ARM64.ActiveCfg = Debug_Sqlite|Any CPU
		{549DFF7A-B979-44D2-A57F-FE9ECD8CBD72}.Debug_Sqlite|ARM64.Build.0 = Debug_Sqlite|Any CPU
		{549DFF7A-B979-44D2-A57F-FE9ECD8CBD72}.Debug|Any CPU.ActiveCfg = Debug|Any CPU
		{549DFF7A-B979-44D2-A57F-FE9ECD8CBD72}.Debug|Any CPU.Build.0 = Debug|Any CPU
		{549DFF7A-B979-44D2-A57F-FE9ECD8CBD72}.Debug|ARM.ActiveCfg = Debug|Any CPU
		{549DFF7A-B979-44D2-A57F-FE9ECD8CBD72}.Debug|ARM.Build.0 = Debug|Any CPU
		{549DFF7A-B979-44D2-A57F-FE9ECD8CBD72}.Debug|ARM64.ActiveCfg = Debug|Any CPU
		{549DFF7A-B979-44D2-A57F-FE9ECD8CBD72}.Debug|ARM64.Build.0 = Debug|Any CPU
		{549DFF7A-B979-44D2-A57F-FE9ECD8CBD72}.Release|Any CPU.ActiveCfg = Release|Any CPU
		{549DFF7A-B979-44D2-A57F-FE9ECD8CBD72}.Release|Any CPU.Build.0 = Release|Any CPU
		{549DFF7A-B979-44D2-A57F-FE9ECD8CBD72}.Release|ARM.ActiveCfg = Release|Any CPU
		{549DFF7A-B979-44D2-A57F-FE9ECD8CBD72}.Release|ARM.Build.0 = Release|Any CPU
		{549DFF7A-B979-44D2-A57F-FE9ECD8CBD72}.Release|ARM64.ActiveCfg = Release|Any CPU
		{549DFF7A-B979-44D2-A57F-FE9ECD8CBD72}.Release|ARM64.Build.0 = Release|Any CPU
		{C719456B-395F-4DE5-A03F-37D93C624E86}.Debug_Sqlite|Any CPU.ActiveCfg = Debug_Sqlite|Any CPU
		{C719456B-395F-4DE5-A03F-37D93C624E86}.Debug_Sqlite|Any CPU.Build.0 = Debug_Sqlite|Any CPU
		{C719456B-395F-4DE5-A03F-37D93C624E86}.Debug_Sqlite|ARM.ActiveCfg = Debug_Sqlite|Any CPU
		{C719456B-395F-4DE5-A03F-37D93C624E86}.Debug_Sqlite|ARM.Build.0 = Debug_Sqlite|Any CPU
		{C719456B-395F-4DE5-A03F-37D93C624E86}.Debug_Sqlite|ARM64.ActiveCfg = Debug_Sqlite|Any CPU
		{C719456B-395F-4DE5-A03F-37D93C624E86}.Debug_Sqlite|ARM64.Build.0 = Debug_Sqlite|Any CPU
		{C719456B-395F-4DE5-A03F-37D93C624E86}.Debug|Any CPU.ActiveCfg = Debug|Any CPU
		{C719456B-395F-4DE5-A03F-37D93C624E86}.Debug|Any CPU.Build.0 = Debug|Any CPU
		{C719456B-395F-4DE5-A03F-37D93C624E86}.Debug|ARM.ActiveCfg = Debug|Any CPU
		{C719456B-395F-4DE5-A03F-37D93C624E86}.Debug|ARM.Build.0 = Debug|Any CPU
		{C719456B-395F-4DE5-A03F-37D93C624E86}.Debug|ARM64.ActiveCfg = Debug|Any CPU
		{C719456B-395F-4DE5-A03F-37D93C624E86}.Debug|ARM64.Build.0 = Debug|Any CPU
		{C719456B-395F-4DE5-A03F-37D93C624E86}.Release|Any CPU.ActiveCfg = Release|Any CPU
		{C719456B-395F-4DE5-A03F-37D93C624E86}.Release|Any CPU.Build.0 = Release|Any CPU
		{C719456B-395F-4DE5-A03F-37D93C624E86}.Release|ARM.ActiveCfg = Release|Any CPU
		{C719456B-395F-4DE5-A03F-37D93C624E86}.Release|ARM.Build.0 = Release|Any CPU
		{C719456B-395F-4DE5-A03F-37D93C624E86}.Release|ARM64.ActiveCfg = Release|Any CPU
		{C719456B-395F-4DE5-A03F-37D93C624E86}.Release|ARM64.Build.0 = Release|Any CPU
		{E8271A8A-500E-495D-A667-BC93404E07ED}.Debug_Sqlite|Any CPU.ActiveCfg = Debug_Sqlite|Any CPU
		{E8271A8A-500E-495D-A667-BC93404E07ED}.Debug_Sqlite|Any CPU.Build.0 = Debug_Sqlite|Any CPU
		{E8271A8A-500E-495D-A667-BC93404E07ED}.Debug_Sqlite|ARM.ActiveCfg = Debug_Sqlite|Any CPU
		{E8271A8A-500E-495D-A667-BC93404E07ED}.Debug_Sqlite|ARM.Build.0 = Debug_Sqlite|Any CPU
		{E8271A8A-500E-495D-A667-BC93404E07ED}.Debug_Sqlite|ARM64.ActiveCfg = Debug_Sqlite|Any CPU
		{E8271A8A-500E-495D-A667-BC93404E07ED}.Debug_Sqlite|ARM64.Build.0 = Debug_Sqlite|Any CPU
		{E8271A8A-500E-495D-A667-BC93404E07ED}.Debug|Any CPU.ActiveCfg = Debug|Any CPU
		{E8271A8A-500E-495D-A667-BC93404E07ED}.Debug|Any CPU.Build.0 = Debug|Any CPU
		{E8271A8A-500E-495D-A667-BC93404E07ED}.Debug|ARM.ActiveCfg = Debug|Any CPU
		{E8271A8A-500E-495D-A667-BC93404E07ED}.Debug|ARM.Build.0 = Debug|Any CPU
		{E8271A8A-500E-495D-A667-BC93404E07ED}.Debug|ARM64.ActiveCfg = Debug|Any CPU
		{E8271A8A-500E-495D-A667-BC93404E07ED}.Debug|ARM64.Build.0 = Debug|Any CPU
		{E8271A8A-500E-495D-A667-BC93404E07ED}.Release|Any CPU.ActiveCfg = Release|Any CPU
		{E8271A8A-500E-495D-A667-BC93404E07ED}.Release|Any CPU.Build.0 = Release|Any CPU
		{E8271A8A-500E-495D-A667-BC93404E07ED}.Release|ARM.ActiveCfg = Release|Any CPU
		{E8271A8A-500E-495D-A667-BC93404E07ED}.Release|ARM.Build.0 = Release|Any CPU
		{E8271A8A-500E-495D-A667-BC93404E07ED}.Release|ARM64.ActiveCfg = Release|Any CPU
		{E8271A8A-500E-495D-A667-BC93404E07ED}.Release|ARM64.Build.0 = Release|Any CPU
		{7761A17D-F932-4F48-8F18-67813EDBE7CB}.Debug_Sqlite|Any CPU.ActiveCfg = Debug_Sqlite|Any CPU
		{7761A17D-F932-4F48-8F18-67813EDBE7CB}.Debug_Sqlite|Any CPU.Build.0 = Debug_Sqlite|Any CPU
		{7761A17D-F932-4F48-8F18-67813EDBE7CB}.Debug_Sqlite|ARM.ActiveCfg = Debug_Sqlite|Any CPU
		{7761A17D-F932-4F48-8F18-67813EDBE7CB}.Debug_Sqlite|ARM.Build.0 = Debug_Sqlite|Any CPU
		{7761A17D-F932-4F48-8F18-67813EDBE7CB}.Debug_Sqlite|ARM64.ActiveCfg = Debug_Sqlite|Any CPU
		{7761A17D-F932-4F48-8F18-67813EDBE7CB}.Debug_Sqlite|ARM64.Build.0 = Debug_Sqlite|Any CPU
		{7761A17D-F932-4F48-8F18-67813EDBE7CB}.Debug|Any CPU.ActiveCfg = Debug|Any CPU
		{7761A17D-F932-4F48-8F18-67813EDBE7CB}.Debug|Any CPU.Build.0 = Debug|Any CPU
		{7761A17D-F932-4F48-8F18-67813EDBE7CB}.Debug|ARM.ActiveCfg = Debug|Any CPU
		{7761A17D-F932-4F48-8F18-67813EDBE7CB}.Debug|ARM.Build.0 = Debug|Any CPU
		{7761A17D-F932-4F48-8F18-67813EDBE7CB}.Debug|ARM64.ActiveCfg = Debug|Any CPU
		{7761A17D-F932-4F48-8F18-67813EDBE7CB}.Debug|ARM64.Build.0 = Debug|Any CPU
		{7761A17D-F932-4F48-8F18-67813EDBE7CB}.Release|Any CPU.ActiveCfg = Release|Any CPU
		{7761A17D-F932-4F48-8F18-67813EDBE7CB}.Release|Any CPU.Build.0 = Release|Any CPU
		{7761A17D-F932-4F48-8F18-67813EDBE7CB}.Release|ARM.ActiveCfg = Release|Any CPU
		{7761A17D-F932-4F48-8F18-67813EDBE7CB}.Release|ARM.Build.0 = Release|Any CPU
		{7761A17D-F932-4F48-8F18-67813EDBE7CB}.Release|ARM64.ActiveCfg = Release|Any CPU
		{7761A17D-F932-4F48-8F18-67813EDBE7CB}.Release|ARM64.Build.0 = Release|Any CPU
		{AEF890D9-4287-44B4-B65E-F4E0CD273901}.Debug_Sqlite|Any CPU.ActiveCfg = Debug_Sqlite|Any CPU
		{AEF890D9-4287-44B4-B65E-F4E0CD273901}.Debug_Sqlite|Any CPU.Build.0 = Debug_Sqlite|Any CPU
		{AEF890D9-4287-44B4-B65E-F4E0CD273901}.Debug_Sqlite|ARM.ActiveCfg = Debug_Sqlite|Any CPU
		{AEF890D9-4287-44B4-B65E-F4E0CD273901}.Debug_Sqlite|ARM.Build.0 = Debug_Sqlite|Any CPU
		{AEF890D9-4287-44B4-B65E-F4E0CD273901}.Debug_Sqlite|ARM64.ActiveCfg = Debug_Sqlite|Any CPU
		{AEF890D9-4287-44B4-B65E-F4E0CD273901}.Debug_Sqlite|ARM64.Build.0 = Debug_Sqlite|Any CPU
		{AEF890D9-4287-44B4-B65E-F4E0CD273901}.Debug|Any CPU.ActiveCfg = Debug|Any CPU
		{AEF890D9-4287-44B4-B65E-F4E0CD273901}.Debug|Any CPU.Build.0 = Debug|Any CPU
		{AEF890D9-4287-44B4-B65E-F4E0CD273901}.Debug|ARM.ActiveCfg = Debug|Any CPU
		{AEF890D9-4287-44B4-B65E-F4E0CD273901}.Debug|ARM.Build.0 = Debug|Any CPU
		{AEF890D9-4287-44B4-B65E-F4E0CD273901}.Debug|ARM64.ActiveCfg = Debug|Any CPU
		{AEF890D9-4287-44B4-B65E-F4E0CD273901}.Debug|ARM64.Build.0 = Debug|Any CPU
		{AEF890D9-4287-44B4-B65E-F4E0CD273901}.Release|Any CPU.ActiveCfg = Release|Any CPU
		{AEF890D9-4287-44B4-B65E-F4E0CD273901}.Release|Any CPU.Build.0 = Release|Any CPU
		{AEF890D9-4287-44B4-B65E-F4E0CD273901}.Release|ARM.ActiveCfg = Release|Any CPU
		{AEF890D9-4287-44B4-B65E-F4E0CD273901}.Release|ARM.Build.0 = Release|Any CPU
		{AEF890D9-4287-44B4-B65E-F4E0CD273901}.Release|ARM64.ActiveCfg = Release|Any CPU
		{AEF890D9-4287-44B4-B65E-F4E0CD273901}.Release|ARM64.Build.0 = Release|Any CPU
		{73321565-B0B0-4E52-860A-D074F309C9D4}.Debug_Sqlite|Any CPU.ActiveCfg = Debug_Sqlite|Any CPU
		{73321565-B0B0-4E52-860A-D074F309C9D4}.Debug_Sqlite|Any CPU.Build.0 = Debug_Sqlite|Any CPU
		{73321565-B0B0-4E52-860A-D074F309C9D4}.Debug_Sqlite|ARM.ActiveCfg = Debug_Sqlite|Any CPU
		{73321565-B0B0-4E52-860A-D074F309C9D4}.Debug_Sqlite|ARM.Build.0 = Debug_Sqlite|Any CPU
		{73321565-B0B0-4E52-860A-D074F309C9D4}.Debug_Sqlite|ARM64.ActiveCfg = Debug_Sqlite|Any CPU
		{73321565-B0B0-4E52-860A-D074F309C9D4}.Debug_Sqlite|ARM64.Build.0 = Debug_Sqlite|Any CPU
		{73321565-B0B0-4E52-860A-D074F309C9D4}.Debug|Any CPU.ActiveCfg = Debug|Any CPU
		{73321565-B0B0-4E52-860A-D074F309C9D4}.Debug|Any CPU.Build.0 = Debug|Any CPU
		{73321565-B0B0-4E52-860A-D074F309C9D4}.Debug|ARM.ActiveCfg = Debug|Any CPU
		{73321565-B0B0-4E52-860A-D074F309C9D4}.Debug|ARM.Build.0 = Debug|Any CPU
		{73321565-B0B0-4E52-860A-D074F309C9D4}.Debug|ARM64.ActiveCfg = Debug|Any CPU
		{73321565-B0B0-4E52-860A-D074F309C9D4}.Debug|ARM64.Build.0 = Debug|Any CPU
		{73321565-B0B0-4E52-860A-D074F309C9D4}.Release|Any CPU.ActiveCfg = Release|Any CPU
		{73321565-B0B0-4E52-860A-D074F309C9D4}.Release|Any CPU.Build.0 = Release|Any CPU
		{73321565-B0B0-4E52-860A-D074F309C9D4}.Release|ARM.ActiveCfg = Release|Any CPU
		{73321565-B0B0-4E52-860A-D074F309C9D4}.Release|ARM.Build.0 = Release|Any CPU
		{73321565-B0B0-4E52-860A-D074F309C9D4}.Release|ARM64.ActiveCfg = Release|Any CPU
		{73321565-B0B0-4E52-860A-D074F309C9D4}.Release|ARM64.Build.0 = Release|Any CPU
		{72D76732-766E-4732-B4DB-DB4FD0AE22CB}.Debug_Sqlite|Any CPU.ActiveCfg = Debug_Sqlite|Any CPU
		{72D76732-766E-4732-B4DB-DB4FD0AE22CB}.Debug_Sqlite|Any CPU.Build.0 = Debug_Sqlite|Any CPU
		{72D76732-766E-4732-B4DB-DB4FD0AE22CB}.Debug_Sqlite|ARM.ActiveCfg = Debug_Sqlite|Any CPU
		{72D76732-766E-4732-B4DB-DB4FD0AE22CB}.Debug_Sqlite|ARM.Build.0 = Debug_Sqlite|Any CPU
		{72D76732-766E-4732-B4DB-DB4FD0AE22CB}.Debug_Sqlite|ARM64.ActiveCfg = Debug_Sqlite|Any CPU
		{72D76732-766E-4732-B4DB-DB4FD0AE22CB}.Debug_Sqlite|ARM64.Build.0 = Debug_Sqlite|Any CPU
		{72D76732-766E-4732-B4DB-DB4FD0AE22CB}.Debug|Any CPU.ActiveCfg = Debug|Any CPU
		{72D76732-766E-4732-B4DB-DB4FD0AE22CB}.Debug|Any CPU.Build.0 = Debug|Any CPU
		{72D76732-766E-4732-B4DB-DB4FD0AE22CB}.Debug|ARM.ActiveCfg = Debug|Any CPU
		{72D76732-766E-4732-B4DB-DB4FD0AE22CB}.Debug|ARM.Build.0 = Debug|Any CPU
		{72D76732-766E-4732-B4DB-DB4FD0AE22CB}.Debug|ARM64.ActiveCfg = Debug|Any CPU
		{72D76732-766E-4732-B4DB-DB4FD0AE22CB}.Debug|ARM64.Build.0 = Debug|Any CPU
		{72D76732-766E-4732-B4DB-DB4FD0AE22CB}.Release|Any CPU.ActiveCfg = Release|Any CPU
		{72D76732-766E-4732-B4DB-DB4FD0AE22CB}.Release|Any CPU.Build.0 = Release|Any CPU
		{72D76732-766E-4732-B4DB-DB4FD0AE22CB}.Release|ARM.ActiveCfg = Release|Any CPU
		{72D76732-766E-4732-B4DB-DB4FD0AE22CB}.Release|ARM.Build.0 = Release|Any CPU
		{72D76732-766E-4732-B4DB-DB4FD0AE22CB}.Release|ARM64.ActiveCfg = Release|Any CPU
		{72D76732-766E-4732-B4DB-DB4FD0AE22CB}.Release|ARM64.Build.0 = Release|Any CPU
		{AE05E897-5402-45EF-B767-306151E212CF}.Debug_Sqlite|Any CPU.ActiveCfg = Debug_Sqlite|Any CPU
		{AE05E897-5402-45EF-B767-306151E212CF}.Debug_Sqlite|Any CPU.Build.0 = Debug_Sqlite|Any CPU
		{AE05E897-5402-45EF-B767-306151E212CF}.Debug_Sqlite|ARM.ActiveCfg = Debug_Sqlite|Any CPU
		{AE05E897-5402-45EF-B767-306151E212CF}.Debug_Sqlite|ARM.Build.0 = Debug_Sqlite|Any CPU
		{AE05E897-5402-45EF-B767-306151E212CF}.Debug_Sqlite|ARM64.ActiveCfg = Debug_Sqlite|Any CPU
		{AE05E897-5402-45EF-B767-306151E212CF}.Debug_Sqlite|ARM64.Build.0 = Debug_Sqlite|Any CPU
		{AE05E897-5402-45EF-B767-306151E212CF}.Debug|Any CPU.ActiveCfg = Debug|Any CPU
		{AE05E897-5402-45EF-B767-306151E212CF}.Debug|Any CPU.Build.0 = Debug|Any CPU
		{AE05E897-5402-45EF-B767-306151E212CF}.Debug|ARM.ActiveCfg = Debug|Any CPU
		{AE05E897-5402-45EF-B767-306151E212CF}.Debug|ARM.Build.0 = Debug|Any CPU
		{AE05E897-5402-45EF-B767-306151E212CF}.Debug|ARM64.ActiveCfg = Debug|Any CPU
		{AE05E897-5402-45EF-B767-306151E212CF}.Debug|ARM64.Build.0 = Debug|Any CPU
		{AE05E897-5402-45EF-B767-306151E212CF}.Release|Any CPU.ActiveCfg = Release|Any CPU
		{AE05E897-5402-45EF-B767-306151E212CF}.Release|Any CPU.Build.0 = Release|Any CPU
		{AE05E897-5402-45EF-B767-306151E212CF}.Release|ARM.ActiveCfg = Release|Any CPU
		{AE05E897-5402-45EF-B767-306151E212CF}.Release|ARM.Build.0 = Release|Any CPU
		{AE05E897-5402-45EF-B767-306151E212CF}.Release|ARM64.ActiveCfg = Release|Any CPU
		{AE05E897-5402-45EF-B767-306151E212CF}.Release|ARM64.Build.0 = Release|Any CPU
		{39BD575B-D995-484A-A4E4-E97311B5BA1A}.Debug_Sqlite|Any CPU.ActiveCfg = Debug|Any CPU
		{39BD575B-D995-484A-A4E4-E97311B5BA1A}.Debug_Sqlite|Any CPU.Build.0 = Debug|Any CPU
		{39BD575B-D995-484A-A4E4-E97311B5BA1A}.Debug_Sqlite|ARM.ActiveCfg = Debug|Any CPU
		{39BD575B-D995-484A-A4E4-E97311B5BA1A}.Debug_Sqlite|ARM.Build.0 = Debug|Any CPU
		{39BD575B-D995-484A-A4E4-E97311B5BA1A}.Debug_Sqlite|ARM64.ActiveCfg = Debug|Any CPU
		{39BD575B-D995-484A-A4E4-E97311B5BA1A}.Debug_Sqlite|ARM64.Build.0 = Debug|Any CPU
		{39BD575B-D995-484A-A4E4-E97311B5BA1A}.Debug|Any CPU.ActiveCfg = Debug|Any CPU
		{39BD575B-D995-484A-A4E4-E97311B5BA1A}.Debug|Any CPU.Build.0 = Debug|Any CPU
		{39BD575B-D995-484A-A4E4-E97311B5BA1A}.Debug|ARM.ActiveCfg = Debug|Any CPU
		{39BD575B-D995-484A-A4E4-E97311B5BA1A}.Debug|ARM.Build.0 = Debug|Any CPU
		{39BD575B-D995-484A-A4E4-E97311B5BA1A}.Debug|ARM64.ActiveCfg = Debug|Any CPU
		{39BD575B-D995-484A-A4E4-E97311B5BA1A}.Debug|ARM64.Build.0 = Debug|Any CPU
		{39BD575B-D995-484A-A4E4-E97311B5BA1A}.Release|Any CPU.ActiveCfg = Release|Any CPU
		{39BD575B-D995-484A-A4E4-E97311B5BA1A}.Release|Any CPU.Build.0 = Release|Any CPU
		{39BD575B-D995-484A-A4E4-E97311B5BA1A}.Release|ARM.ActiveCfg = Release|Any CPU
		{39BD575B-D995-484A-A4E4-E97311B5BA1A}.Release|ARM.Build.0 = Release|Any CPU
		{39BD575B-D995-484A-A4E4-E97311B5BA1A}.Release|ARM64.ActiveCfg = Release|Any CPU
		{39BD575B-D995-484A-A4E4-E97311B5BA1A}.Release|ARM64.Build.0 = Release|Any CPU
		{31C4E6BD-DCE5-46BE-B65A-3DB17868CB26}.Debug_Sqlite|Any CPU.ActiveCfg = Debug|Any CPU
		{31C4E6BD-DCE5-46BE-B65A-3DB17868CB26}.Debug_Sqlite|Any CPU.Build.0 = Debug|Any CPU
		{31C4E6BD-DCE5-46BE-B65A-3DB17868CB26}.Debug_Sqlite|ARM.ActiveCfg = Debug|Any CPU
		{31C4E6BD-DCE5-46BE-B65A-3DB17868CB26}.Debug_Sqlite|ARM.Build.0 = Debug|Any CPU
		{31C4E6BD-DCE5-46BE-B65A-3DB17868CB26}.Debug_Sqlite|ARM64.ActiveCfg = Debug|Any CPU
		{31C4E6BD-DCE5-46BE-B65A-3DB17868CB26}.Debug_Sqlite|ARM64.Build.0 = Debug|Any CPU
		{31C4E6BD-DCE5-46BE-B65A-3DB17868CB26}.Debug|Any CPU.ActiveCfg = Debug|Any CPU
		{31C4E6BD-DCE5-46BE-B65A-3DB17868CB26}.Debug|Any CPU.Build.0 = Debug|Any CPU
		{31C4E6BD-DCE5-46BE-B65A-3DB17868CB26}.Debug|ARM.ActiveCfg = Debug|Any CPU
		{31C4E6BD-DCE5-46BE-B65A-3DB17868CB26}.Debug|ARM.Build.0 = Debug|Any CPU
		{31C4E6BD-DCE5-46BE-B65A-3DB17868CB26}.Debug|ARM64.ActiveCfg = Debug|Any CPU
		{31C4E6BD-DCE5-46BE-B65A-3DB17868CB26}.Debug|ARM64.Build.0 = Debug|Any CPU
		{31C4E6BD-DCE5-46BE-B65A-3DB17868CB26}.Release|Any CPU.ActiveCfg = Release|Any CPU
		{31C4E6BD-DCE5-46BE-B65A-3DB17868CB26}.Release|Any CPU.Build.0 = Release|Any CPU
		{31C4E6BD-DCE5-46BE-B65A-3DB17868CB26}.Release|ARM.ActiveCfg = Release|Any CPU
		{31C4E6BD-DCE5-46BE-B65A-3DB17868CB26}.Release|ARM.Build.0 = Release|Any CPU
		{31C4E6BD-DCE5-46BE-B65A-3DB17868CB26}.Release|ARM64.ActiveCfg = Release|Any CPU
		{31C4E6BD-DCE5-46BE-B65A-3DB17868CB26}.Release|ARM64.Build.0 = Release|Any CPU
		{E2AD40FB-7B1B-463A-890C-635ABB4C4679}.Debug_Sqlite|Any CPU.ActiveCfg = Debug|Any CPU
		{E2AD40FB-7B1B-463A-890C-635ABB4C4679}.Debug_Sqlite|Any CPU.Build.0 = Debug|Any CPU
		{E2AD40FB-7B1B-463A-890C-635ABB4C4679}.Debug_Sqlite|ARM.ActiveCfg = Debug|Any CPU
		{E2AD40FB-7B1B-463A-890C-635ABB4C4679}.Debug_Sqlite|ARM.Build.0 = Debug|Any CPU
		{E2AD40FB-7B1B-463A-890C-635ABB4C4679}.Debug_Sqlite|ARM64.ActiveCfg = Debug|Any CPU
		{E2AD40FB-7B1B-463A-890C-635ABB4C4679}.Debug_Sqlite|ARM64.Build.0 = Debug|Any CPU
		{E2AD40FB-7B1B-463A-890C-635ABB4C4679}.Debug|Any CPU.ActiveCfg = Debug|Any CPU
		{E2AD40FB-7B1B-463A-890C-635ABB4C4679}.Debug|Any CPU.Build.0 = Debug|Any CPU
		{E2AD40FB-7B1B-463A-890C-635ABB4C4679}.Debug|ARM.ActiveCfg = Debug|Any CPU
		{E2AD40FB-7B1B-463A-890C-635ABB4C4679}.Debug|ARM.Build.0 = Debug|Any CPU
		{E2AD40FB-7B1B-463A-890C-635ABB4C4679}.Debug|ARM64.ActiveCfg = Debug|Any CPU
		{E2AD40FB-7B1B-463A-890C-635ABB4C4679}.Debug|ARM64.Build.0 = Debug|Any CPU
		{E2AD40FB-7B1B-463A-890C-635ABB4C4679}.Release|Any CPU.ActiveCfg = Release|Any CPU
		{E2AD40FB-7B1B-463A-890C-635ABB4C4679}.Release|Any CPU.Build.0 = Release|Any CPU
		{E2AD40FB-7B1B-463A-890C-635ABB4C4679}.Release|ARM.ActiveCfg = Release|Any CPU
		{E2AD40FB-7B1B-463A-890C-635ABB4C4679}.Release|ARM.Build.0 = Release|Any CPU
		{E2AD40FB-7B1B-463A-890C-635ABB4C4679}.Release|ARM64.ActiveCfg = Release|Any CPU
		{E2AD40FB-7B1B-463A-890C-635ABB4C4679}.Release|ARM64.Build.0 = Release|Any CPU
		{A2DA7856-9C0D-4831-BE3E-052A20D62318}.Debug_Sqlite|Any CPU.ActiveCfg = Debug|Any CPU
		{A2DA7856-9C0D-4831-BE3E-052A20D62318}.Debug_Sqlite|Any CPU.Build.0 = Debug|Any CPU
		{A2DA7856-9C0D-4831-BE3E-052A20D62318}.Debug_Sqlite|ARM.ActiveCfg = Debug|Any CPU
		{A2DA7856-9C0D-4831-BE3E-052A20D62318}.Debug_Sqlite|ARM.Build.0 = Debug|Any CPU
		{A2DA7856-9C0D-4831-BE3E-052A20D62318}.Debug_Sqlite|ARM64.ActiveCfg = Debug|Any CPU
		{A2DA7856-9C0D-4831-BE3E-052A20D62318}.Debug_Sqlite|ARM64.Build.0 = Debug|Any CPU
		{A2DA7856-9C0D-4831-BE3E-052A20D62318}.Debug|Any CPU.ActiveCfg = Debug|Any CPU
		{A2DA7856-9C0D-4831-BE3E-052A20D62318}.Debug|Any CPU.Build.0 = Debug|Any CPU
		{A2DA7856-9C0D-4831-BE3E-052A20D62318}.Debug|ARM.ActiveCfg = Debug|Any CPU
		{A2DA7856-9C0D-4831-BE3E-052A20D62318}.Debug|ARM.Build.0 = Debug|Any CPU
		{A2DA7856-9C0D-4831-BE3E-052A20D62318}.Debug|ARM64.ActiveCfg = Debug|Any CPU
		{A2DA7856-9C0D-4831-BE3E-052A20D62318}.Debug|ARM64.Build.0 = Debug|Any CPU
		{A2DA7856-9C0D-4831-BE3E-052A20D62318}.Release|Any CPU.ActiveCfg = Release|Any CPU
		{A2DA7856-9C0D-4831-BE3E-052A20D62318}.Release|Any CPU.Build.0 = Release|Any CPU
		{A2DA7856-9C0D-4831-BE3E-052A20D62318}.Release|ARM.ActiveCfg = Release|Any CPU
		{A2DA7856-9C0D-4831-BE3E-052A20D62318}.Release|ARM.Build.0 = Release|Any CPU
		{A2DA7856-9C0D-4831-BE3E-052A20D62318}.Release|ARM64.ActiveCfg = Release|Any CPU
		{A2DA7856-9C0D-4831-BE3E-052A20D62318}.Release|ARM64.Build.0 = Release|Any CPU
		{BEDB3CCD-A5E1-433D-985B-A734D9716AE5}.Debug_Sqlite|Any CPU.ActiveCfg = Debug|Any CPU
		{BEDB3CCD-A5E1-433D-985B-A734D9716AE5}.Debug_Sqlite|Any CPU.Build.0 = Debug|Any CPU
		{BEDB3CCD-A5E1-433D-985B-A734D9716AE5}.Debug_Sqlite|ARM.ActiveCfg = Debug|Any CPU
		{BEDB3CCD-A5E1-433D-985B-A734D9716AE5}.Debug_Sqlite|ARM.Build.0 = Debug|Any CPU
		{BEDB3CCD-A5E1-433D-985B-A734D9716AE5}.Debug_Sqlite|ARM64.ActiveCfg = Debug|Any CPU
		{BEDB3CCD-A5E1-433D-985B-A734D9716AE5}.Debug_Sqlite|ARM64.Build.0 = Debug|Any CPU
		{BEDB3CCD-A5E1-433D-985B-A734D9716AE5}.Debug|Any CPU.ActiveCfg = Debug|Any CPU
		{BEDB3CCD-A5E1-433D-985B-A734D9716AE5}.Debug|Any CPU.Build.0 = Debug|Any CPU
		{BEDB3CCD-A5E1-433D-985B-A734D9716AE5}.Debug|ARM.ActiveCfg = Debug|Any CPU
		{BEDB3CCD-A5E1-433D-985B-A734D9716AE5}.Debug|ARM.Build.0 = Debug|Any CPU
		{BEDB3CCD-A5E1-433D-985B-A734D9716AE5}.Debug|ARM64.ActiveCfg = Debug|Any CPU
		{BEDB3CCD-A5E1-433D-985B-A734D9716AE5}.Debug|ARM64.Build.0 = Debug|Any CPU
		{BEDB3CCD-A5E1-433D-985B-A734D9716AE5}.Release|Any CPU.ActiveCfg = Release|Any CPU
		{BEDB3CCD-A5E1-433D-985B-A734D9716AE5}.Release|Any CPU.Build.0 = Release|Any CPU
		{BEDB3CCD-A5E1-433D-985B-A734D9716AE5}.Release|ARM.ActiveCfg = Release|Any CPU
		{BEDB3CCD-A5E1-433D-985B-A734D9716AE5}.Release|ARM.Build.0 = Release|Any CPU
		{BEDB3CCD-A5E1-433D-985B-A734D9716AE5}.Release|ARM64.ActiveCfg = Release|Any CPU
		{BEDB3CCD-A5E1-433D-985B-A734D9716AE5}.Release|ARM64.Build.0 = Release|Any CPU
		{B3934203-D357-4DA4-9CEC-8152E9B63E8A}.Debug_Sqlite|Any CPU.ActiveCfg = Debug|Any CPU
		{B3934203-D357-4DA4-9CEC-8152E9B63E8A}.Debug_Sqlite|Any CPU.Build.0 = Debug|Any CPU
		{B3934203-D357-4DA4-9CEC-8152E9B63E8A}.Debug_Sqlite|ARM.ActiveCfg = Debug|Any CPU
		{B3934203-D357-4DA4-9CEC-8152E9B63E8A}.Debug_Sqlite|ARM.Build.0 = Debug|Any CPU
		{B3934203-D357-4DA4-9CEC-8152E9B63E8A}.Debug_Sqlite|ARM64.ActiveCfg = Debug|Any CPU
		{B3934203-D357-4DA4-9CEC-8152E9B63E8A}.Debug_Sqlite|ARM64.Build.0 = Debug|Any CPU
		{B3934203-D357-4DA4-9CEC-8152E9B63E8A}.Debug|Any CPU.ActiveCfg = Debug|Any CPU
		{B3934203-D357-4DA4-9CEC-8152E9B63E8A}.Debug|Any CPU.Build.0 = Debug|Any CPU
		{B3934203-D357-4DA4-9CEC-8152E9B63E8A}.Debug|ARM.ActiveCfg = Debug|Any CPU
		{B3934203-D357-4DA4-9CEC-8152E9B63E8A}.Debug|ARM.Build.0 = Debug|Any CPU
		{B3934203-D357-4DA4-9CEC-8152E9B63E8A}.Debug|ARM64.ActiveCfg = Debug|Any CPU
		{B3934203-D357-4DA4-9CEC-8152E9B63E8A}.Debug|ARM64.Build.0 = Debug|Any CPU
		{B3934203-D357-4DA4-9CEC-8152E9B63E8A}.Release|Any CPU.ActiveCfg = Release|Any CPU
		{B3934203-D357-4DA4-9CEC-8152E9B63E8A}.Release|Any CPU.Build.0 = Release|Any CPU
		{B3934203-D357-4DA4-9CEC-8152E9B63E8A}.Release|ARM.ActiveCfg = Release|Any CPU
		{B3934203-D357-4DA4-9CEC-8152E9B63E8A}.Release|ARM.Build.0 = Release|Any CPU
		{B3934203-D357-4DA4-9CEC-8152E9B63E8A}.Release|ARM64.ActiveCfg = Release|Any CPU
		{B3934203-D357-4DA4-9CEC-8152E9B63E8A}.Release|ARM64.Build.0 = Release|Any CPU
		{7EF532C4-9B72-4989-9AB6-3C195EE7C964}.Debug_Sqlite|Any CPU.ActiveCfg = Debug|Any CPU
		{7EF532C4-9B72-4989-9AB6-3C195EE7C964}.Debug_Sqlite|Any CPU.Build.0 = Debug|Any CPU
		{7EF532C4-9B72-4989-9AB6-3C195EE7C964}.Debug_Sqlite|ARM.ActiveCfg = Debug|Any CPU
		{7EF532C4-9B72-4989-9AB6-3C195EE7C964}.Debug_Sqlite|ARM.Build.0 = Debug|Any CPU
		{7EF532C4-9B72-4989-9AB6-3C195EE7C964}.Debug_Sqlite|ARM64.ActiveCfg = Debug|Any CPU
		{7EF532C4-9B72-4989-9AB6-3C195EE7C964}.Debug_Sqlite|ARM64.Build.0 = Debug|Any CPU
		{7EF532C4-9B72-4989-9AB6-3C195EE7C964}.Debug|Any CPU.ActiveCfg = Debug|Any CPU
		{7EF532C4-9B72-4989-9AB6-3C195EE7C964}.Debug|Any CPU.Build.0 = Debug|Any CPU
		{7EF532C4-9B72-4989-9AB6-3C195EE7C964}.Debug|ARM.ActiveCfg = Debug|Any CPU
		{7EF532C4-9B72-4989-9AB6-3C195EE7C964}.Debug|ARM.Build.0 = Debug|Any CPU
		{7EF532C4-9B72-4989-9AB6-3C195EE7C964}.Debug|ARM64.ActiveCfg = Debug|Any CPU
		{7EF532C4-9B72-4989-9AB6-3C195EE7C964}.Debug|ARM64.Build.0 = Debug|Any CPU
		{7EF532C4-9B72-4989-9AB6-3C195EE7C964}.Release|Any CPU.ActiveCfg = Release|Any CPU
		{7EF532C4-9B72-4989-9AB6-3C195EE7C964}.Release|Any CPU.Build.0 = Release|Any CPU
		{7EF532C4-9B72-4989-9AB6-3C195EE7C964}.Release|ARM.ActiveCfg = Release|Any CPU
		{7EF532C4-9B72-4989-9AB6-3C195EE7C964}.Release|ARM.Build.0 = Release|Any CPU
		{7EF532C4-9B72-4989-9AB6-3C195EE7C964}.Release|ARM64.ActiveCfg = Release|Any CPU
		{7EF532C4-9B72-4989-9AB6-3C195EE7C964}.Release|ARM64.Build.0 = Release|Any CPU
		{DAE0C049-2D7B-42DC-ABEA-78A2AFFDC35C}.Debug_Sqlite|Any CPU.ActiveCfg = Debug|Any CPU
		{DAE0C049-2D7B-42DC-ABEA-78A2AFFDC35C}.Debug_Sqlite|Any CPU.Build.0 = Debug|Any CPU
		{DAE0C049-2D7B-42DC-ABEA-78A2AFFDC35C}.Debug_Sqlite|ARM.ActiveCfg = Debug|Any CPU
		{DAE0C049-2D7B-42DC-ABEA-78A2AFFDC35C}.Debug_Sqlite|ARM.Build.0 = Debug|Any CPU
		{DAE0C049-2D7B-42DC-ABEA-78A2AFFDC35C}.Debug_Sqlite|ARM64.ActiveCfg = Debug|Any CPU
		{DAE0C049-2D7B-42DC-ABEA-78A2AFFDC35C}.Debug_Sqlite|ARM64.Build.0 = Debug|Any CPU
		{DAE0C049-2D7B-42DC-ABEA-78A2AFFDC35C}.Debug|Any CPU.ActiveCfg = Debug|Any CPU
		{DAE0C049-2D7B-42DC-ABEA-78A2AFFDC35C}.Debug|Any CPU.Build.0 = Debug|Any CPU
		{DAE0C049-2D7B-42DC-ABEA-78A2AFFDC35C}.Debug|ARM.ActiveCfg = Debug|Any CPU
		{DAE0C049-2D7B-42DC-ABEA-78A2AFFDC35C}.Debug|ARM.Build.0 = Debug|Any CPU
		{DAE0C049-2D7B-42DC-ABEA-78A2AFFDC35C}.Debug|ARM64.ActiveCfg = Debug|Any CPU
		{DAE0C049-2D7B-42DC-ABEA-78A2AFFDC35C}.Debug|ARM64.Build.0 = Debug|Any CPU
		{DAE0C049-2D7B-42DC-ABEA-78A2AFFDC35C}.Release|Any CPU.ActiveCfg = Release|Any CPU
		{DAE0C049-2D7B-42DC-ABEA-78A2AFFDC35C}.Release|Any CPU.Build.0 = Release|Any CPU
		{DAE0C049-2D7B-42DC-ABEA-78A2AFFDC35C}.Release|ARM.ActiveCfg = Release|Any CPU
		{DAE0C049-2D7B-42DC-ABEA-78A2AFFDC35C}.Release|ARM.Build.0 = Release|Any CPU
		{DAE0C049-2D7B-42DC-ABEA-78A2AFFDC35C}.Release|ARM64.ActiveCfg = Release|Any CPU
		{DAE0C049-2D7B-42DC-ABEA-78A2AFFDC35C}.Release|ARM64.Build.0 = Release|Any CPU
		{36509EEE-6721-4B58-AE2D-22BB9DD5D606}.Debug_Sqlite|Any CPU.ActiveCfg = Debug|Any CPU
		{36509EEE-6721-4B58-AE2D-22BB9DD5D606}.Debug_Sqlite|Any CPU.Build.0 = Debug|Any CPU
		{36509EEE-6721-4B58-AE2D-22BB9DD5D606}.Debug_Sqlite|ARM.ActiveCfg = Debug|Any CPU
		{36509EEE-6721-4B58-AE2D-22BB9DD5D606}.Debug_Sqlite|ARM.Build.0 = Debug|Any CPU
		{36509EEE-6721-4B58-AE2D-22BB9DD5D606}.Debug_Sqlite|ARM64.ActiveCfg = Debug|Any CPU
		{36509EEE-6721-4B58-AE2D-22BB9DD5D606}.Debug_Sqlite|ARM64.Build.0 = Debug|Any CPU
		{36509EEE-6721-4B58-AE2D-22BB9DD5D606}.Debug|Any CPU.ActiveCfg = Debug|Any CPU
		{36509EEE-6721-4B58-AE2D-22BB9DD5D606}.Debug|Any CPU.Build.0 = Debug|Any CPU
		{36509EEE-6721-4B58-AE2D-22BB9DD5D606}.Debug|ARM.ActiveCfg = Debug|Any CPU
		{36509EEE-6721-4B58-AE2D-22BB9DD5D606}.Debug|ARM.Build.0 = Debug|Any CPU
		{36509EEE-6721-4B58-AE2D-22BB9DD5D606}.Debug|ARM64.ActiveCfg = Debug|Any CPU
		{36509EEE-6721-4B58-AE2D-22BB9DD5D606}.Debug|ARM64.Build.0 = Debug|Any CPU
		{36509EEE-6721-4B58-AE2D-22BB9DD5D606}.Release|Any CPU.ActiveCfg = Release|Any CPU
		{36509EEE-6721-4B58-AE2D-22BB9DD5D606}.Release|Any CPU.Build.0 = Release|Any CPU
		{36509EEE-6721-4B58-AE2D-22BB9DD5D606}.Release|ARM.ActiveCfg = Release|Any CPU
		{36509EEE-6721-4B58-AE2D-22BB9DD5D606}.Release|ARM.Build.0 = Release|Any CPU
		{36509EEE-6721-4B58-AE2D-22BB9DD5D606}.Release|ARM64.ActiveCfg = Release|Any CPU
		{36509EEE-6721-4B58-AE2D-22BB9DD5D606}.Release|ARM64.Build.0 = Release|Any CPU
		{742BA1E6-9C16-4BC3-8CE8-8F88549CB144}.Debug_Sqlite|Any CPU.ActiveCfg = Debug|Any CPU
		{742BA1E6-9C16-4BC3-8CE8-8F88549CB144}.Debug_Sqlite|Any CPU.Build.0 = Debug|Any CPU
		{742BA1E6-9C16-4BC3-8CE8-8F88549CB144}.Debug_Sqlite|ARM.ActiveCfg = Debug|Any CPU
		{742BA1E6-9C16-4BC3-8CE8-8F88549CB144}.Debug_Sqlite|ARM.Build.0 = Debug|Any CPU
		{742BA1E6-9C16-4BC3-8CE8-8F88549CB144}.Debug_Sqlite|ARM64.ActiveCfg = Debug|Any CPU
		{742BA1E6-9C16-4BC3-8CE8-8F88549CB144}.Debug_Sqlite|ARM64.Build.0 = Debug|Any CPU
		{742BA1E6-9C16-4BC3-8CE8-8F88549CB144}.Debug|Any CPU.ActiveCfg = Debug|Any CPU
		{742BA1E6-9C16-4BC3-8CE8-8F88549CB144}.Debug|Any CPU.Build.0 = Debug|Any CPU
		{742BA1E6-9C16-4BC3-8CE8-8F88549CB144}.Debug|ARM.ActiveCfg = Debug|Any CPU
		{742BA1E6-9C16-4BC3-8CE8-8F88549CB144}.Debug|ARM.Build.0 = Debug|Any CPU
		{742BA1E6-9C16-4BC3-8CE8-8F88549CB144}.Debug|ARM64.ActiveCfg = Debug|Any CPU
		{742BA1E6-9C16-4BC3-8CE8-8F88549CB144}.Debug|ARM64.Build.0 = Debug|Any CPU
		{742BA1E6-9C16-4BC3-8CE8-8F88549CB144}.Release|Any CPU.ActiveCfg = Release|Any CPU
		{742BA1E6-9C16-4BC3-8CE8-8F88549CB144}.Release|Any CPU.Build.0 = Release|Any CPU
		{742BA1E6-9C16-4BC3-8CE8-8F88549CB144}.Release|ARM.ActiveCfg = Release|Any CPU
		{742BA1E6-9C16-4BC3-8CE8-8F88549CB144}.Release|ARM.Build.0 = Release|Any CPU
		{742BA1E6-9C16-4BC3-8CE8-8F88549CB144}.Release|ARM64.ActiveCfg = Release|Any CPU
		{742BA1E6-9C16-4BC3-8CE8-8F88549CB144}.Release|ARM64.Build.0 = Release|Any CPU
		{04B64410-DB35-4E20-84B6-322B83A46556}.Debug_Sqlite|Any CPU.ActiveCfg = Debug|Any CPU
		{04B64410-DB35-4E20-84B6-322B83A46556}.Debug_Sqlite|Any CPU.Build.0 = Debug|Any CPU
		{04B64410-DB35-4E20-84B6-322B83A46556}.Debug_Sqlite|ARM.ActiveCfg = Debug|Any CPU
		{04B64410-DB35-4E20-84B6-322B83A46556}.Debug_Sqlite|ARM.Build.0 = Debug|Any CPU
		{04B64410-DB35-4E20-84B6-322B83A46556}.Debug_Sqlite|ARM64.ActiveCfg = Debug|Any CPU
		{04B64410-DB35-4E20-84B6-322B83A46556}.Debug_Sqlite|ARM64.Build.0 = Debug|Any CPU
		{04B64410-DB35-4E20-84B6-322B83A46556}.Debug|Any CPU.ActiveCfg = Debug|Any CPU
		{04B64410-DB35-4E20-84B6-322B83A46556}.Debug|Any CPU.Build.0 = Debug|Any CPU
		{04B64410-DB35-4E20-84B6-322B83A46556}.Debug|ARM.ActiveCfg = Debug|Any CPU
		{04B64410-DB35-4E20-84B6-322B83A46556}.Debug|ARM.Build.0 = Debug|Any CPU
		{04B64410-DB35-4E20-84B6-322B83A46556}.Debug|ARM64.ActiveCfg = Debug|Any CPU
		{04B64410-DB35-4E20-84B6-322B83A46556}.Debug|ARM64.Build.0 = Debug|Any CPU
		{04B64410-DB35-4E20-84B6-322B83A46556}.Release|Any CPU.ActiveCfg = Release|Any CPU
		{04B64410-DB35-4E20-84B6-322B83A46556}.Release|Any CPU.Build.0 = Release|Any CPU
		{04B64410-DB35-4E20-84B6-322B83A46556}.Release|ARM.ActiveCfg = Release|Any CPU
		{04B64410-DB35-4E20-84B6-322B83A46556}.Release|ARM.Build.0 = Release|Any CPU
		{04B64410-DB35-4E20-84B6-322B83A46556}.Release|ARM64.ActiveCfg = Release|Any CPU
		{04B64410-DB35-4E20-84B6-322B83A46556}.Release|ARM64.Build.0 = Release|Any CPU
		{5EA81591-B4CE-4A42-A94C-4EA20AEE1B7D}.Debug_Sqlite|Any CPU.ActiveCfg = Debug|Any CPU
		{5EA81591-B4CE-4A42-A94C-4EA20AEE1B7D}.Debug_Sqlite|Any CPU.Build.0 = Debug|Any CPU
		{5EA81591-B4CE-4A42-A94C-4EA20AEE1B7D}.Debug_Sqlite|ARM.ActiveCfg = Debug|Any CPU
		{5EA81591-B4CE-4A42-A94C-4EA20AEE1B7D}.Debug_Sqlite|ARM.Build.0 = Debug|Any CPU
		{5EA81591-B4CE-4A42-A94C-4EA20AEE1B7D}.Debug_Sqlite|ARM64.ActiveCfg = Debug|Any CPU
		{5EA81591-B4CE-4A42-A94C-4EA20AEE1B7D}.Debug_Sqlite|ARM64.Build.0 = Debug|Any CPU
		{5EA81591-B4CE-4A42-A94C-4EA20AEE1B7D}.Debug|Any CPU.ActiveCfg = Debug|Any CPU
		{5EA81591-B4CE-4A42-A94C-4EA20AEE1B7D}.Debug|Any CPU.Build.0 = Debug|Any CPU
		{5EA81591-B4CE-4A42-A94C-4EA20AEE1B7D}.Debug|ARM.ActiveCfg = Debug|Any CPU
		{5EA81591-B4CE-4A42-A94C-4EA20AEE1B7D}.Debug|ARM.Build.0 = Debug|Any CPU
		{5EA81591-B4CE-4A42-A94C-4EA20AEE1B7D}.Debug|ARM64.ActiveCfg = Debug|Any CPU
		{5EA81591-B4CE-4A42-A94C-4EA20AEE1B7D}.Debug|ARM64.Build.0 = Debug|Any CPU
		{5EA81591-B4CE-4A42-A94C-4EA20AEE1B7D}.Release|Any CPU.ActiveCfg = Release|Any CPU
		{5EA81591-B4CE-4A42-A94C-4EA20AEE1B7D}.Release|Any CPU.Build.0 = Release|Any CPU
		{5EA81591-B4CE-4A42-A94C-4EA20AEE1B7D}.Release|ARM.ActiveCfg = Release|Any CPU
		{5EA81591-B4CE-4A42-A94C-4EA20AEE1B7D}.Release|ARM.Build.0 = Release|Any CPU
		{5EA81591-B4CE-4A42-A94C-4EA20AEE1B7D}.Release|ARM64.ActiveCfg = Release|Any CPU
		{5EA81591-B4CE-4A42-A94C-4EA20AEE1B7D}.Release|ARM64.Build.0 = Release|Any CPU
	EndGlobalSection
	GlobalSection(SolutionProperties) = preSolution
		HideSolutionNode = FALSE
	EndGlobalSection
	GlobalSection(NestedProjects) = preSolution
		{657A6D63-09FD-4E90-9BCD-EB9A090D7F15} = {0C4FA38A-B2AC-4A69-84EF-4500205883F8}
		{62C7568B-250B-42D0-8177-06EC3DE368F2} = {0C4FA38A-B2AC-4A69-84EF-4500205883F8}
		{A459E3EF-BE5D-468C-9E98-B6F08E9042F6} = {0C4FA38A-B2AC-4A69-84EF-4500205883F8}
		{0AB09416-0605-4AA0-895D-E1009EC8CCC2} = {0C4FA38A-B2AC-4A69-84EF-4500205883F8}
		{494004E5-8715-413D-825C-B723283F4E45} = {22A0D0AA-FA0B-4838-911D-875F0B2AF7AB}
		{297C014A-0BDE-47E5-9859-3168C71079F3} = {22A0D0AA-FA0B-4838-911D-875F0B2AF7AB}
		{AEF890D9-4287-44B4-B65E-F4E0CD273901} = {8F163184-2A51-414E-B73D-8AC2ADCB40E2}
		{73321565-B0B0-4E52-860A-D074F309C9D4} = {8F163184-2A51-414E-B73D-8AC2ADCB40E2}
		{72D76732-766E-4732-B4DB-DB4FD0AE22CB} = {8F163184-2A51-414E-B73D-8AC2ADCB40E2}
		{AE05E897-5402-45EF-B767-306151E212CF} = {8F163184-2A51-414E-B73D-8AC2ADCB40E2}
		{A2DA7856-9C0D-4831-BE3E-052A20D62318} = {22A0D0AA-FA0B-4838-911D-875F0B2AF7AB}
		{BEDB3CCD-A5E1-433D-985B-A734D9716AE5} = {8F163184-2A51-414E-B73D-8AC2ADCB40E2}
		{B3934203-D357-4DA4-9CEC-8152E9B63E8A} = {B77BCB29-C5CD-41FE-ACD1-151F480BC627}
		{7EF532C4-9B72-4989-9AB6-3C195EE7C964} = {3DD7E6DD-60AF-437A-A1D5-4ADFD5C0D457}
		{DAE0C049-2D7B-42DC-ABEA-78A2AFFDC35C} = {3DD7E6DD-60AF-437A-A1D5-4ADFD5C0D457}
		{36509EEE-6721-4B58-AE2D-22BB9DD5D606} = {3DD7E6DD-60AF-437A-A1D5-4ADFD5C0D457}
		{5EA81591-B4CE-4A42-A94C-4EA20AEE1B7D} = {3DD7E6DD-60AF-437A-A1D5-4ADFD5C0D457}
	EndGlobalSection
	GlobalSection(ExtensibilityGlobals) = postSolution
		SolutionGuid = {5CBB7027-9855-46CE-8FFA-32A9E65217FF}
	EndGlobalSection
EndGlobal
