
Microsoft Visual Studio Solution File, Format Version 12.00
# Visual Studio Version 17
VisualStudioVersion = 17.0.32112.339
MinimumVisualStudioVersion = 10.0.40219.1
Project("{9A19103F-16F7-4668-BE54-9A1E7A4F7556}") = "WebApiPascalCase", "WebApiPascalCase\WebApiPascalCase.csproj", "{9EB8DD25-B335-4DCF-A677-40EC71ECBADA}"
EndProject
Project("{9A19103F-16F7-4668-BE54-9A1E7A4F7556}") = "EnumBitFlags", "EnumBitFlags\EnumBitFlags.csproj", "{629786A6-72F9-4747-A928-ECAA4F41614B}"
EndProject
Project("{9A19103F-16F7-4668-BE54-9A1E7A4F7556}") = "SammyJs_Test", "SammyJs_Test\SammyJs_Test.csproj", "{72104E2B-C7AE-49EB-A62A-A67EB7E01C38}"
EndProject
Project("{9A19103F-16F7-4668-BE54-9A1E7A4F7556}") = "JsTree_Test", "JsTree_Test\JsTree_Test.csproj", "{EB00B35D-F90E-4ECB-9F21-35E755385A4A}"
EndProject
Project("{9A19103F-16F7-4668-BE54-9A1E7A4F7556}") = "i18next_Test", "i18next_Test\i18next_Test.csproj", "{07E33192-8CCF-4D8D-8FC3-1E58AD5B1E11}"
EndProject
Project("{9A19103F-16F7-4668-BE54-9A1E7A4F7556}") = "Localize_WinFormsLocalizeAuto", "Localize_WinFormsLocalizeAuto\Localize_WinFormsLocalizeAuto.csproj", "{68D127E8-5898-4012-89D9-10B3F343C5D4}"
EndProject
Project("{9A19103F-16F7-4668-BE54-9A1E7A4F7556}") = "Localize_Resource", "Localize_Resource\Localize_Resource.csproj", "{2D36F733-6BE0-442F-847C-B7D6A8450963}"
EndProject
Project("{9A19103F-16F7-4668-BE54-9A1E7A4F7556}") = "Localize_WinFormsResourceShift", "Localize_WinFormsResourceShift\Localize_WinFormsResourceShift.csproj", "{AC6E3937-13B8-48BB-AB60-7CDED4148F12}"
EndProject
Project("{9A19103F-16F7-4668-BE54-9A1E7A4F7556}") = "SelfHost", "SelfHost\SelfHost.csproj", "{9FF210CA-DA69-4543-9E8A-996BEE0BC7D7}"
EndProject
Project("{9A19103F-16F7-4668-BE54-9A1E7A4F7556}") = "TreeDepth", "TreeDepth\TreeDepth.csproj", "{C5A42C53-5261-4A8F-B915-9B799857569B}"
EndProject
Project("{9A19103F-16F7-4668-BE54-9A1E7A4F7556}") = "JsImportExport", "JsImportExport\JsImportExport.csproj", "{85E6F190-03A0-4D38-8123-821A3ABB9316}"
EndProject
Project("{9A19103F-16F7-4668-BE54-9A1E7A4F7556}") = "JavascriptUtilTest", "JavascriptUtilTest\JavascriptUtilTest.csproj", "{B17A5DD1-EC6E-4704-A4B3-FF08F6AB5947}"
EndProject
Project("{9A19103F-16F7-4668-BE54-9A1E7A4F7556}") = "WebApplication1", "WebApplication1\WebApplication1.csproj", "{073D206C-D45F-4E6C-82CC-79144D75875A}"
EndProject
Project("{9A19103F-16F7-4668-BE54-9A1E7A4F7556}") = "JsFetchApiTest", "JsFetchApiTest\JsFetchApiTest.csproj", "{8338B364-D13A-4743-94CD-6552ED1AFEDD}"
EndProject
Project("{9A19103F-16F7-4668-BE54-9A1E7A4F7556}") = "JsAjaxAssistTest", "JsAjaxAssistTest\JsAjaxAssistTest.csproj", "{35BDADE2-44A0-4D84-BF1E-88DE420739F2}"
EndProject
Project("{9A19103F-16F7-4668-BE54-9A1E7A4F7556}") = "EntityFrameworkSafeUpdate", "EntityFrameworkSafeUpdate\EntityFrameworkSafeUpdate.csproj", "{D761FCBB-2BB4-4F8E-8503-1E2992D1D185}"
EndProject
Project("{FAE04EC0-301F-11D3-BF4B-00C04F79EFBC}") = "ClassToJson", "ClassToJson\ClassToJson.csproj", "{448665FD-AD15-4DCE-8D02-83C74AF9BE13}"
EndProject
Project("{9A19103F-16F7-4668-BE54-9A1E7A4F7556}") = "WpfInvokeTest", "WpfInvokeTest\WpfInvokeTest.csproj", "{EDDE518D-F130-4D33-93BA-EB8683D3A4B9}"
EndProject
Project("{2150E333-8FDC-42A3-9474-1A3956D46DE8}") = "ReleaseDllTest", "ReleaseDllTest", "{0C4FA38A-B2AC-4A69-84EF-4500205883F8}"
EndProject
Project("{9A19103F-16F7-4668-BE54-9A1E7A4F7556}") = "ReleaseTestDll", "ReleaseTestDll\ReleaseTestDll.csproj", "{657A6D63-09FD-4E90-9BCD-EB9A090D7F15}"
EndProject
Project("{9A19103F-16F7-4668-BE54-9A1E7A4F7556}") = "ReleaseDllTest_ProjectReference", "ReleaseDllTest_ProjectReference\ReleaseDllTest_ProjectReference.csproj", "{62C7568B-250B-42D0-8177-06EC3DE368F2}"
EndProject
Project("{9A19103F-16F7-4668-BE54-9A1E7A4F7556}") = "ReleaseDllTest_DllReference", "ReleaseDllTest_DllReference\ReleaseDllTest_DllReference.csproj", "{A459E3EF-BE5D-468C-9E98-B6F08E9042F6}"
EndProject
Project("{9A19103F-16F7-4668-BE54-9A1E7A4F7556}") = "ReleaseDllTest_DllInsideReference", "ReleaseDllTest_DllInsideReference\ReleaseDllTest_DllInsideReference.csproj", "{0AB09416-0605-4AA0-895D-E1009EC8CCC2}"
EndProject
Project("{9A19103F-16F7-4668-BE54-9A1E7A4F7556}") = "AspNetCore6DefultSetting", "AspNetCore6DefultSetting\AspNetCore6DefultSetting.csproj", "{5C5677BD-A8DB-4F12-8E9A-A613237EE994}"
EndProject
Project("{2150E333-8FDC-42A3-9474-1A3956D46DE8}") = "AspNetCore6Defult", "AspNetCore6Defult", "{0E9B96E2-2B39-40B5-9557-9018D4C46781}"
EndProject
Project("{9A19103F-16F7-4668-BE54-9A1E7A4F7556}") = "AspNetCore6DefultSetting_DB", "AspNetCore6DefultSetting_DB\AspNetCore6DefultSetting_DB.csproj", "{34174B90-3213-419C-880F-377B471CC288}"
EndProject
Project("{9A19103F-16F7-4668-BE54-9A1E7A4F7556}") = "WebApi_JwtAuth", "WebApi_JwtAuth\WebApi_JwtAuth.csproj", "{CFC70EC7-6468-4442-A506-2AC18418CB34}"
EndProject
Project("{9A19103F-16F7-4668-BE54-9A1E7A4F7556}") = "JsVueTest", "JsVueTest\JsVueTest.csproj", "{9D8B0D19-4DB9-4883-A4A0-B18132B3E562}"
EndProject
Project("{9A19103F-16F7-4668-BE54-9A1E7A4F7556}") = "AspNetCoreNpm", "AspNetCoreNpm\AspNetCoreNpm.csproj", "{B7C073B6-4CCC-4BC0-9F7A-B483F7E8ECCF}"
EndProject
Project("{9A19103F-16F7-4668-BE54-9A1E7A4F7556}") = "AspNetCoreErrorInvoke", "AspNetCoreErrorInvoke\AspNetCoreErrorInvoke.csproj", "{99C2AF62-59AF-499E-8C62-BDB56A19717E}"
EndProject
Project("{2150E333-8FDC-42A3-9474-1A3956D46DE8}") = "AspNetCoreNpmSamples", "AspNetCoreNpmSamples", "{8F9692C8-6FAD-4593-A659-22BDB94255CD}"
EndProject
Project("{9A19103F-16F7-4668-BE54-9A1E7A4F7556}") = "AspNetCoreNpmMvc", "AspNetCoreNpmMvc\AspNetCoreNpmMvc.csproj", "{EA66F05A-8BBD-40C2-9934-017A199B0932}"
EndProject
Project("{9A19103F-16F7-4668-BE54-9A1E7A4F7556}") = "AspNetCoreNpmApi", "AspNetCoreNpmApi\AspNetCoreNpmApi.csproj", "{BE1144B0-F0B9-40C3-9732-606FF762B665}"
EndProject
Project("{9A19103F-16F7-4668-BE54-9A1E7A4F7556}") = "GameLoopTest", "GameLoopTest\GameLoopTest.csproj", "{6563D92E-30D8-4A4B-8625-A4FE0397884B}"
EndProject
Project("{9A19103F-16F7-4668-BE54-9A1E7A4F7556}") = "SoundPlayerTest", "SoundPlayerTest\SoundPlayerTest.csproj", "{27AA007B-5D33-4D28-A787-F9E535DC6FC8}"
EndProject
Project("{2150E333-8FDC-42A3-9474-1A3956D46DE8}") = "StopwatchTimer", "StopwatchTimer", "{22A0D0AA-FA0B-4838-911D-875F0B2AF7AB}"
EndProject
Project("{FAE04EC0-301F-11D3-BF4B-00C04F79EFBC}") = "StopwatchTimer", "StopwatchTimer\StopwatchTimer.csproj", "{494004E5-8715-413D-825C-B723283F4E45}"
EndProject
Project("{9A19103F-16F7-4668-BE54-9A1E7A4F7556}") = "StopwatchTimerTest", "StopwatchTimerTest\StopwatchTimerTest.csproj", "{297C014A-0BDE-47E5-9859-3168C71079F3}"
EndProject
Project("{9A19103F-16F7-4668-BE54-9A1E7A4F7556}") = "ConsoleModeSettingTest", "ConsoleModeSettingTest\ConsoleModeSettingTest.csproj", "{F544CF2B-FF05-42F6-ADFE-9BF0F73C3C08}"
EndProject
Project("{FAE04EC0-301F-11D3-BF4B-00C04F79EFBC}") = "ReactTest", "ReactTest\ReactTest.csproj", "{046C58B4-D3BE-4882-B56C-9BBBDBA4052B}"
EndProject
Global
	GlobalSection(SolutionConfigurationPlatforms) = preSolution
		Debug|Any CPU = Debug|Any CPU
		Release|Any CPU = Release|Any CPU
	EndGlobalSection
	GlobalSection(ProjectConfigurationPlatforms) = postSolution
		{9EB8DD25-B335-4DCF-A677-40EC71ECBADA}.Debug|Any CPU.ActiveCfg = Debug|Any CPU
		{9EB8DD25-B335-4DCF-A677-40EC71ECBADA}.Debug|Any CPU.Build.0 = Debug|Any CPU
		{9EB8DD25-B335-4DCF-A677-40EC71ECBADA}.Release|Any CPU.ActiveCfg = Release|Any CPU
		{9EB8DD25-B335-4DCF-A677-40EC71ECBADA}.Release|Any CPU.Build.0 = Release|Any CPU
		{629786A6-72F9-4747-A928-ECAA4F41614B}.Debug|Any CPU.ActiveCfg = Debug|Any CPU
		{629786A6-72F9-4747-A928-ECAA4F41614B}.Debug|Any CPU.Build.0 = Debug|Any CPU
		{629786A6-72F9-4747-A928-ECAA4F41614B}.Release|Any CPU.ActiveCfg = Release|Any CPU
		{629786A6-72F9-4747-A928-ECAA4F41614B}.Release|Any CPU.Build.0 = Release|Any CPU
		{72104E2B-C7AE-49EB-A62A-A67EB7E01C38}.Debug|Any CPU.ActiveCfg = Debug|Any CPU
		{72104E2B-C7AE-49EB-A62A-A67EB7E01C38}.Debug|Any CPU.Build.0 = Debug|Any CPU
		{72104E2B-C7AE-49EB-A62A-A67EB7E01C38}.Release|Any CPU.ActiveCfg = Release|Any CPU
		{72104E2B-C7AE-49EB-A62A-A67EB7E01C38}.Release|Any CPU.Build.0 = Release|Any CPU
		{EB00B35D-F90E-4ECB-9F21-35E755385A4A}.Debug|Any CPU.ActiveCfg = Debug|Any CPU
		{EB00B35D-F90E-4ECB-9F21-35E755385A4A}.Debug|Any CPU.Build.0 = Debug|Any CPU
		{EB00B35D-F90E-4ECB-9F21-35E755385A4A}.Release|Any CPU.ActiveCfg = Release|Any CPU
		{EB00B35D-F90E-4ECB-9F21-35E755385A4A}.Release|Any CPU.Build.0 = Release|Any CPU
		{07E33192-8CCF-4D8D-8FC3-1E58AD5B1E11}.Debug|Any CPU.ActiveCfg = Debug|Any CPU
		{07E33192-8CCF-4D8D-8FC3-1E58AD5B1E11}.Debug|Any CPU.Build.0 = Debug|Any CPU
		{07E33192-8CCF-4D8D-8FC3-1E58AD5B1E11}.Release|Any CPU.ActiveCfg = Release|Any CPU
		{07E33192-8CCF-4D8D-8FC3-1E58AD5B1E11}.Release|Any CPU.Build.0 = Release|Any CPU
		{68D127E8-5898-4012-89D9-10B3F343C5D4}.Debug|Any CPU.ActiveCfg = Debug|Any CPU
		{68D127E8-5898-4012-89D9-10B3F343C5D4}.Debug|Any CPU.Build.0 = Debug|Any CPU
		{68D127E8-5898-4012-89D9-10B3F343C5D4}.Release|Any CPU.ActiveCfg = Release|Any CPU
		{68D127E8-5898-4012-89D9-10B3F343C5D4}.Release|Any CPU.Build.0 = Release|Any CPU
		{2D36F733-6BE0-442F-847C-B7D6A8450963}.Debug|Any CPU.ActiveCfg = Debug|Any CPU
		{2D36F733-6BE0-442F-847C-B7D6A8450963}.Debug|Any CPU.Build.0 = Debug|Any CPU
		{2D36F733-6BE0-442F-847C-B7D6A8450963}.Release|Any CPU.ActiveCfg = Release|Any CPU
		{2D36F733-6BE0-442F-847C-B7D6A8450963}.Release|Any CPU.Build.0 = Release|Any CPU
		{AC6E3937-13B8-48BB-AB60-7CDED4148F12}.Debug|Any CPU.ActiveCfg = Debug|Any CPU
		{AC6E3937-13B8-48BB-AB60-7CDED4148F12}.Debug|Any CPU.Build.0 = Debug|Any CPU
		{AC6E3937-13B8-48BB-AB60-7CDED4148F12}.Release|Any CPU.ActiveCfg = Release|Any CPU
		{AC6E3937-13B8-48BB-AB60-7CDED4148F12}.Release|Any CPU.Build.0 = Release|Any CPU
		{9FF210CA-DA69-4543-9E8A-996BEE0BC7D7}.Debug|Any CPU.ActiveCfg = Debug|Any CPU
		{9FF210CA-DA69-4543-9E8A-996BEE0BC7D7}.Debug|Any CPU.Build.0 = Debug|Any CPU
		{9FF210CA-DA69-4543-9E8A-996BEE0BC7D7}.Release|Any CPU.ActiveCfg = Release|Any CPU
		{9FF210CA-DA69-4543-9E8A-996BEE0BC7D7}.Release|Any CPU.Build.0 = Release|Any CPU
		{C5A42C53-5261-4A8F-B915-9B799857569B}.Debug|Any CPU.ActiveCfg = Debug|Any CPU
		{C5A42C53-5261-4A8F-B915-9B799857569B}.Debug|Any CPU.Build.0 = Debug|Any CPU
		{C5A42C53-5261-4A8F-B915-9B799857569B}.Release|Any CPU.ActiveCfg = Release|Any CPU
		{C5A42C53-5261-4A8F-B915-9B799857569B}.Release|Any CPU.Build.0 = Release|Any CPU
		{85E6F190-03A0-4D38-8123-821A3ABB9316}.Debug|Any CPU.ActiveCfg = Debug|Any CPU
		{85E6F190-03A0-4D38-8123-821A3ABB9316}.Debug|Any CPU.Build.0 = Debug|Any CPU
		{85E6F190-03A0-4D38-8123-821A3ABB9316}.Release|Any CPU.ActiveCfg = Release|Any CPU
		{85E6F190-03A0-4D38-8123-821A3ABB9316}.Release|Any CPU.Build.0 = Release|Any CPU
		{B17A5DD1-EC6E-4704-A4B3-FF08F6AB5947}.Debug|Any CPU.ActiveCfg = Debug|Any CPU
		{B17A5DD1-EC6E-4704-A4B3-FF08F6AB5947}.Debug|Any CPU.Build.0 = Debug|Any CPU
		{B17A5DD1-EC6E-4704-A4B3-FF08F6AB5947}.Release|Any CPU.ActiveCfg = Release|Any CPU
		{B17A5DD1-EC6E-4704-A4B3-FF08F6AB5947}.Release|Any CPU.Build.0 = Release|Any CPU
		{073D206C-D45F-4E6C-82CC-79144D75875A}.Debug|Any CPU.ActiveCfg = Debug|Any CPU
		{073D206C-D45F-4E6C-82CC-79144D75875A}.Debug|Any CPU.Build.0 = Debug|Any CPU
		{073D206C-D45F-4E6C-82CC-79144D75875A}.Release|Any CPU.ActiveCfg = Release|Any CPU
		{073D206C-D45F-4E6C-82CC-79144D75875A}.Release|Any CPU.Build.0 = Release|Any CPU
		{8338B364-D13A-4743-94CD-6552ED1AFEDD}.Debug|Any CPU.ActiveCfg = Debug|Any CPU
		{8338B364-D13A-4743-94CD-6552ED1AFEDD}.Debug|Any CPU.Build.0 = Debug|Any CPU
		{8338B364-D13A-4743-94CD-6552ED1AFEDD}.Release|Any CPU.ActiveCfg = Release|Any CPU
		{8338B364-D13A-4743-94CD-6552ED1AFEDD}.Release|Any CPU.Build.0 = Release|Any CPU
		{35BDADE2-44A0-4D84-BF1E-88DE420739F2}.Debug|Any CPU.ActiveCfg = Debug|Any CPU
		{35BDADE2-44A0-4D84-BF1E-88DE420739F2}.Debug|Any CPU.Build.0 = Debug|Any CPU
		{35BDADE2-44A0-4D84-BF1E-88DE420739F2}.Release|Any CPU.ActiveCfg = Release|Any CPU
		{35BDADE2-44A0-4D84-BF1E-88DE420739F2}.Release|Any CPU.Build.0 = Release|Any CPU
		{D761FCBB-2BB4-4F8E-8503-1E2992D1D185}.Debug|Any CPU.ActiveCfg = Debug|Any CPU
		{D761FCBB-2BB4-4F8E-8503-1E2992D1D185}.Debug|Any CPU.Build.0 = Debug|Any CPU
		{D761FCBB-2BB4-4F8E-8503-1E2992D1D185}.Release|Any CPU.ActiveCfg = Release|Any CPU
		{D761FCBB-2BB4-4F8E-8503-1E2992D1D185}.Release|Any CPU.Build.0 = Release|Any CPU
		{448665FD-AD15-4DCE-8D02-83C74AF9BE13}.Debug|Any CPU.ActiveCfg = Debug|Any CPU
		{448665FD-AD15-4DCE-8D02-83C74AF9BE13}.Debug|Any CPU.Build.0 = Debug|Any CPU
		{448665FD-AD15-4DCE-8D02-83C74AF9BE13}.Release|Any CPU.ActiveCfg = Release|Any CPU
		{448665FD-AD15-4DCE-8D02-83C74AF9BE13}.Release|Any CPU.Build.0 = Release|Any CPU
		{EDDE518D-F130-4D33-93BA-EB8683D3A4B9}.Debug|Any CPU.ActiveCfg = Debug|Any CPU
		{EDDE518D-F130-4D33-93BA-EB8683D3A4B9}.Debug|Any CPU.Build.0 = Debug|Any CPU
		{EDDE518D-F130-4D33-93BA-EB8683D3A4B9}.Release|Any CPU.ActiveCfg = Release|Any CPU
		{EDDE518D-F130-4D33-93BA-EB8683D3A4B9}.Release|Any CPU.Build.0 = Release|Any CPU
		{657A6D63-09FD-4E90-9BCD-EB9A090D7F15}.Debug|Any CPU.ActiveCfg = Debug|Any CPU
		{657A6D63-09FD-4E90-9BCD-EB9A090D7F15}.Debug|Any CPU.Build.0 = Debug|Any CPU
		{657A6D63-09FD-4E90-9BCD-EB9A090D7F15}.Release|Any CPU.ActiveCfg = Release|Any CPU
		{657A6D63-09FD-4E90-9BCD-EB9A090D7F15}.Release|Any CPU.Build.0 = Release|Any CPU
		{62C7568B-250B-42D0-8177-06EC3DE368F2}.Debug|Any CPU.ActiveCfg = Debug|Any CPU
		{62C7568B-250B-42D0-8177-06EC3DE368F2}.Debug|Any CPU.Build.0 = Debug|Any CPU
		{62C7568B-250B-42D0-8177-06EC3DE368F2}.Release|Any CPU.ActiveCfg = Release|Any CPU
		{62C7568B-250B-42D0-8177-06EC3DE368F2}.Release|Any CPU.Build.0 = Release|Any CPU
		{A459E3EF-BE5D-468C-9E98-B6F08E9042F6}.Debug|Any CPU.ActiveCfg = Debug|Any CPU
		{A459E3EF-BE5D-468C-9E98-B6F08E9042F6}.Debug|Any CPU.Build.0 = Debug|Any CPU
		{A459E3EF-BE5D-468C-9E98-B6F08E9042F6}.Release|Any CPU.ActiveCfg = Release|Any CPU
		{A459E3EF-BE5D-468C-9E98-B6F08E9042F6}.Release|Any CPU.Build.0 = Release|Any CPU
		{0AB09416-0605-4AA0-895D-E1009EC8CCC2}.Debug|Any CPU.ActiveCfg = Debug|Any CPU
		{0AB09416-0605-4AA0-895D-E1009EC8CCC2}.Debug|Any CPU.Build.0 = Debug|Any CPU
		{0AB09416-0605-4AA0-895D-E1009EC8CCC2}.Release|Any CPU.ActiveCfg = Release|Any CPU
		{0AB09416-0605-4AA0-895D-E1009EC8CCC2}.Release|Any CPU.Build.0 = Release|Any CPU
		{5C5677BD-A8DB-4F12-8E9A-A613237EE994}.Debug|Any CPU.ActiveCfg = Debug|Any CPU
		{5C5677BD-A8DB-4F12-8E9A-A613237EE994}.Debug|Any CPU.Build.0 = Debug|Any CPU
		{5C5677BD-A8DB-4F12-8E9A-A613237EE994}.Release|Any CPU.ActiveCfg = Release|Any CPU
		{5C5677BD-A8DB-4F12-8E9A-A613237EE994}.Release|Any CPU.Build.0 = Release|Any CPU
		{34174B90-3213-419C-880F-377B471CC288}.Debug|Any CPU.ActiveCfg = Debug|Any CPU
		{34174B90-3213-419C-880F-377B471CC288}.Debug|Any CPU.Build.0 = Debug|Any CPU
		{34174B90-3213-419C-880F-377B471CC288}.Release|Any CPU.ActiveCfg = Release|Any CPU
		{34174B90-3213-419C-880F-377B471CC288}.Release|Any CPU.Build.0 = Release|Any CPU
		{CFC70EC7-6468-4442-A506-2AC18418CB34}.Debug|Any CPU.ActiveCfg = Debug|Any CPU
		{CFC70EC7-6468-4442-A506-2AC18418CB34}.Debug|Any CPU.Build.0 = Debug|Any CPU
		{CFC70EC7-6468-4442-A506-2AC18418CB34}.Release|Any CPU.ActiveCfg = Release|Any CPU
		{CFC70EC7-6468-4442-A506-2AC18418CB34}.Release|Any CPU.Build.0 = Release|Any CPU
		{9D8B0D19-4DB9-4883-A4A0-B18132B3E562}.Debug|Any CPU.ActiveCfg = Debug|Any CPU
		{9D8B0D19-4DB9-4883-A4A0-B18132B3E562}.Debug|Any CPU.Build.0 = Debug|Any CPU
		{9D8B0D19-4DB9-4883-A4A0-B18132B3E562}.Release|Any CPU.ActiveCfg = Release|Any CPU
		{9D8B0D19-4DB9-4883-A4A0-B18132B3E562}.Release|Any CPU.Build.0 = Release|Any CPU
		{B7C073B6-4CCC-4BC0-9F7A-B483F7E8ECCF}.Debug|Any CPU.ActiveCfg = Debug|Any CPU
		{B7C073B6-4CCC-4BC0-9F7A-B483F7E8ECCF}.Debug|Any CPU.Build.0 = Debug|Any CPU
		{B7C073B6-4CCC-4BC0-9F7A-B483F7E8ECCF}.Release|Any CPU.ActiveCfg = Release|Any CPU
		{B7C073B6-4CCC-4BC0-9F7A-B483F7E8ECCF}.Release|Any CPU.Build.0 = Release|Any CPU
		{99C2AF62-59AF-499E-8C62-BDB56A19717E}.Debug|Any CPU.ActiveCfg = Debug|Any CPU
		{99C2AF62-59AF-499E-8C62-BDB56A19717E}.Debug|Any CPU.Build.0 = Debug|Any CPU
		{99C2AF62-59AF-499E-8C62-BDB56A19717E}.Release|Any CPU.ActiveCfg = Release|Any CPU
		{99C2AF62-59AF-499E-8C62-BDB56A19717E}.Release|Any CPU.Build.0 = Release|Any CPU
		{EA66F05A-8BBD-40C2-9934-017A199B0932}.Debug|Any CPU.ActiveCfg = Debug|Any CPU
		{EA66F05A-8BBD-40C2-9934-017A199B0932}.Debug|Any CPU.Build.0 = Debug|Any CPU
		{EA66F05A-8BBD-40C2-9934-017A199B0932}.Release|Any CPU.ActiveCfg = Release|Any CPU
		{EA66F05A-8BBD-40C2-9934-017A199B0932}.Release|Any CPU.Build.0 = Release|Any CPU
		{BE1144B0-F0B9-40C3-9732-606FF762B665}.Debug|Any CPU.ActiveCfg = Debug|Any CPU
		{BE1144B0-F0B9-40C3-9732-606FF762B665}.Debug|Any CPU.Build.0 = Debug|Any CPU
		{BE1144B0-F0B9-40C3-9732-606FF762B665}.Release|Any CPU.ActiveCfg = Release|Any CPU
		{BE1144B0-F0B9-40C3-9732-606FF762B665}.Release|Any CPU.Build.0 = Release|Any CPU
		{6563D92E-30D8-4A4B-8625-A4FE0397884B}.Debug|Any CPU.ActiveCfg = Debug|Any CPU
		{6563D92E-30D8-4A4B-8625-A4FE0397884B}.Debug|Any CPU.Build.0 = Debug|Any CPU
		{6563D92E-30D8-4A4B-8625-A4FE0397884B}.Release|Any CPU.ActiveCfg = Release|Any CPU
		{6563D92E-30D8-4A4B-8625-A4FE0397884B}.Release|Any CPU.Build.0 = Release|Any CPU
		{27AA007B-5D33-4D28-A787-F9E535DC6FC8}.Debug|Any CPU.ActiveCfg = Debug|Any CPU
		{27AA007B-5D33-4D28-A787-F9E535DC6FC8}.Debug|Any CPU.Build.0 = Debug|Any CPU
		{27AA007B-5D33-4D28-A787-F9E535DC6FC8}.Release|Any CPU.ActiveCfg = Release|Any CPU
		{27AA007B-5D33-4D28-A787-F9E535DC6FC8}.Release|Any CPU.Build.0 = Release|Any CPU
		{494004E5-8715-413D-825C-B723283F4E45}.Debug|Any CPU.ActiveCfg = Debug|Any CPU
		{494004E5-8715-413D-825C-B723283F4E45}.Debug|Any CPU.Build.0 = Debug|Any CPU
		{494004E5-8715-413D-825C-B723283F4E45}.Release|Any CPU.ActiveCfg = Release|Any CPU
		{494004E5-8715-413D-825C-B723283F4E45}.Release|Any CPU.Build.0 = Release|Any CPU
		{297C014A-0BDE-47E5-9859-3168C71079F3}.Debug|Any CPU.ActiveCfg = Debug|Any CPU
		{297C014A-0BDE-47E5-9859-3168C71079F3}.Debug|Any CPU.Build.0 = Debug|Any CPU
		{297C014A-0BDE-47E5-9859-3168C71079F3}.Release|Any CPU.ActiveCfg = Release|Any CPU
		{297C014A-0BDE-47E5-9859-3168C71079F3}.Release|Any CPU.Build.0 = Release|Any CPU
		{F544CF2B-FF05-42F6-ADFE-9BF0F73C3C08}.Debug|Any CPU.ActiveCfg = Debug|Any CPU
		{F544CF2B-FF05-42F6-ADFE-9BF0F73C3C08}.Debug|Any CPU.Build.0 = Debug|Any CPU
		{F544CF2B-FF05-42F6-ADFE-9BF0F73C3C08}.Release|Any CPU.ActiveCfg = Release|Any CPU
		{F544CF2B-FF05-42F6-ADFE-9BF0F73C3C08}.Release|Any CPU.Build.0 = Release|Any CPU
		{046C58B4-D3BE-4882-B56C-9BBBDBA4052B}.Debug|Any CPU.ActiveCfg = Debug|Any CPU
		{046C58B4-D3BE-4882-B56C-9BBBDBA4052B}.Debug|Any CPU.Build.0 = Debug|Any CPU
		{046C58B4-D3BE-4882-B56C-9BBBDBA4052B}.Release|Any CPU.ActiveCfg = Release|Any CPU
		{046C58B4-D3BE-4882-B56C-9BBBDBA4052B}.Release|Any CPU.Build.0 = Release|Any CPU
	EndGlobalSection
	GlobalSection(SolutionProperties) = preSolution
		HideSolutionNode = FALSE
	EndGlobalSection
	GlobalSection(NestedProjects) = preSolution
		{657A6D63-09FD-4E90-9BCD-EB9A090D7F15} = {0C4FA38A-B2AC-4A69-84EF-4500205883F8}
		{62C7568B-250B-42D0-8177-06EC3DE368F2} = {0C4FA38A-B2AC-4A69-84EF-4500205883F8}
		{A459E3EF-BE5D-468C-9E98-B6F08E9042F6} = {0C4FA38A-B2AC-4A69-84EF-4500205883F8}
		{0AB09416-0605-4AA0-895D-E1009EC8CCC2} = {0C4FA38A-B2AC-4A69-84EF-4500205883F8}
		{5C5677BD-A8DB-4F12-8E9A-A613237EE994} = {0E9B96E2-2B39-40B5-9557-9018D4C46781}
		{34174B90-3213-419C-880F-377B471CC288} = {0E9B96E2-2B39-40B5-9557-9018D4C46781}
		{B7C073B6-4CCC-4BC0-9F7A-B483F7E8ECCF} = {8F9692C8-6FAD-4593-A659-22BDB94255CD}
		{EA66F05A-8BBD-40C2-9934-017A199B0932} = {8F9692C8-6FAD-4593-A659-22BDB94255CD}
		{BE1144B0-F0B9-40C3-9732-606FF762B665} = {8F9692C8-6FAD-4593-A659-22BDB94255CD}
		{494004E5-8715-413D-825C-B723283F4E45} = {22A0D0AA-FA0B-4838-911D-875F0B2AF7AB}
		{297C014A-0BDE-47E5-9859-3168C71079F3} = {22A0D0AA-FA0B-4838-911D-875F0B2AF7AB}
	EndGlobalSection
	GlobalSection(ExtensibilityGlobals) = postSolution
		SolutionGuid = {5CBB7027-9855-46CE-8FFA-32A9E65217FF}
	EndGlobalSection
EndGlobal
